<?xml version="1.0" encoding="utf-8"?>
<Project ToolsVersion="4.0" xmlns="http://schemas.microsoft.com/developer/msbuild/2003">
  <ItemGroup>
    <Filter Include="ThirdParty">
      <UniqueIdentifier>{107145F9-FC28-8746-6530-60A251072237}</UniqueIdentifier>
    </Filter>
    <Filter Include="ThirdParty\glew">
      <UniqueIdentifier>{AE6E334C-1AFA-A010-230B-24058F15FD10}</UniqueIdentifier>
    </Filter>
    <Filter Include="ThirdParty\glew\include">
      <UniqueIdentifier>{2164E36E-8D9B-2B06-96A5-8F29025C52FF}</UniqueIdentifier>
    </Filter>
    <Filter Include="ThirdParty\glew\include\GL">
      <UniqueIdentifier>{E3CDEB5E-CFDD-972F-3897-FC4D24C686C8}</UniqueIdentifier>
    </Filter>
    <Filter Include="ThirdParty\glm">
      <UniqueIdentifier>{5F03D311-4BD1-C617-3465-373E20D2A27C}</UniqueIdentifier>
    </Filter>
    <Filter Include="ThirdParty\glm\include">
      <UniqueIdentifier>{D219E1DE-BE13-0A31-A780-A0419319709D}</UniqueIdentifier>
    </Filter>
    <Filter Include="ThirdParty\glm\include\glm">
      <UniqueIdentifier>{213DB93A-0D4D-650B-7606-CA29623554A4}</UniqueIdentifier>
    </Filter>
    <Filter Include="ThirdParty\glm\include\glm\detail">
      <UniqueIdentifier>{C3056907-2F74-BE86-785D-7986E40AB422}</UniqueIdentifier>
    </Filter>
    <Filter Include="ThirdParty\glm\include\glm\ext">
      <UniqueIdentifier>{01698041-ED8E-4AA8-D6D4-CF73C2996F74}</UniqueIdentifier>
    </Filter>
    <Filter Include="ThirdParty\glm\include\glm\gtc">
      <UniqueIdentifier>{EE708041-DA96-4AA8-C3DC-CF73AFA16F74}</UniqueIdentifier>
    </Filter>
    <Filter Include="ThirdParty\glm\include\glm\gtx">
      <UniqueIdentifier>{03718041-EF96-4AA8-D8DC-CF73C4A16F74}</UniqueIdentifier>
    </Filter>
    <Filter Include="ThirdParty\glfw">
      <UniqueIdentifier>{899db60e-8b82-4404-850c-9496960311b9}</UniqueIdentifier>
    </Filter>
    <Filter Include="Tools">
      <UniqueIdentifier>{a88dfc0b-5813-4eb5-bfe4-85449f6bdc86}</UniqueIdentifier>
    </Filter>
    <Filter Include="File">
      <UniqueIdentifier>{d0cc5ded-3e5a-442f-85a2-97021af1f468}</UniqueIdentifier>
    </Filter>
    <Filter Include="Camera">
      <UniqueIdentifier>{a345a4d5-895e-4e15-8924-1af1d17af503}</UniqueIdentifier>
    </Filter>
    <Filter Include="Geometry">
      <UniqueIdentifier>{0db492fc-3455-4f37-a615-39b95fbd63f0}</UniqueIdentifier>
    </Filter>
    <Filter Include="States">
      <UniqueIdentifier>{c0581840-8cdb-4636-9d48-2ec53735c6d1}</UniqueIdentifier>
    </Filter>
    <Filter Include="Systems">
      <UniqueIdentifier>{7d5bc699-8150-4dbf-aa46-45d4b31810a3}</UniqueIdentifier>
    </Filter>
    <Filter Include="Systems\Base">
      <UniqueIdentifier>{3551560a-c519-4623-9710-118207ddf67b}</UniqueIdentifier>
    </Filter>
    <Filter Include="Events">
      <UniqueIdentifier>{d0723ef3-d7b0-4907-a738-a5c69d30f4ab}</UniqueIdentifier>
    </Filter>
    <Filter Include="Events\EventHandler">
      <UniqueIdentifier>{2dfa0cff-337f-4d13-8531-8f825ffd9752}</UniqueIdentifier>
    </Filter>
    <Filter Include="Engine Platform">
      <UniqueIdentifier>{ebe7063c-f784-4e86-ba12-dadd43ca725e}</UniqueIdentifier>
    </Filter>
    <Filter Include="Engine Platform\Renderer">
      <UniqueIdentifier>{80666bce-ba61-4754-9523-5560011a219e}</UniqueIdentifier>
    </Filter>
    <Filter Include="Engine Platform\Renderer\RenderEngines">
      <UniqueIdentifier>{f2b11abf-9e31-4f23-85f5-cc2c5de835f9}</UniqueIdentifier>
    </Filter>
    <Filter Include="Engine Platform\Renderer\RenderEngines\OpenGL">
      <UniqueIdentifier>{67e5e2c2-89c6-418e-b58c-45e99b477e3f}</UniqueIdentifier>
    </Filter>
    <Filter Include="Engine Platform\Shader">
      <UniqueIdentifier>{22cec00c-e0fe-41ab-81b4-a89db27de48a}</UniqueIdentifier>
    </Filter>
    <Filter Include="Engine Platform\Shader\OpenGL">
      <UniqueIdentifier>{2bceccef-f377-4d54-bb97-14bfc96c6507}</UniqueIdentifier>
    </Filter>
    <Filter Include="Engine Platform\Shader\ShaderDefs">
      <UniqueIdentifier>{a62e9a1f-1873-4fa0-87fd-d91b624f6382}</UniqueIdentifier>
    </Filter>
    <Filter Include="Engine Platform\Input">
      <UniqueIdentifier>{feb57195-d528-460c-a130-9a645de411c5}</UniqueIdentifier>
    </Filter>
    <Filter Include="Engine Platform\Input\Platform">
      <UniqueIdentifier>{43ad329e-3153-4dce-871b-0d862ab073bf}</UniqueIdentifier>
    </Filter>
    <Filter Include="Engine Platform\Input\Platform\Windows">
      <UniqueIdentifier>{9ef16afb-4171-47fe-8e75-3cb493853d06}</UniqueIdentifier>
    </Filter>
    <Filter Include="Engine Platform\Input\Platform\GLFW">
      <UniqueIdentifier>{f96d65c2-91f5-4d35-aa12-030502649403}</UniqueIdentifier>
    </Filter>
    <Filter Include="Engine Platform\Context">
      <UniqueIdentifier>{ef9b4584-46ff-4ef1-9fae-64351e344f09}</UniqueIdentifier>
    </Filter>
    <Filter Include="Engine Platform\Context\Platform">
      <UniqueIdentifier>{f3f4ad1e-42be-4637-868e-c3bee93e97f4}</UniqueIdentifier>
    </Filter>
    <Filter Include="Engine Platform\Context\Platform\Windows">
      <UniqueIdentifier>{a4264ade-d168-405f-88d6-c84c665cd586}</UniqueIdentifier>
    </Filter>
    <Filter Include="Engine Platform\Context\Platform\GLFW">
      <UniqueIdentifier>{93b7ed85-ba89-4e18-8b6e-e05de997fff5}</UniqueIdentifier>
    </Filter>
    <Filter Include="Engine Platform\Layer">
      <UniqueIdentifier>{c6e75eb4-b73a-4b78-87a1-debd9cc78b61}</UniqueIdentifier>
    </Filter>
    <Filter Include="Engine Platform\Font">
      <UniqueIdentifier>{cbb78b4f-8eec-4147-ae0e-1b98c642c7b4}</UniqueIdentifier>
    </Filter>
    <Filter Include="Engine Platform\Font\Renderer">
      <UniqueIdentifier>{3f65802c-d467-4313-bb8e-f4f61b7d9f73}</UniqueIdentifier>
    </Filter>
    <Filter Include="Engine Platform\Font\Renderer\OpenGL">
      <UniqueIdentifier>{cd430044-5a3f-42c7-9475-c1485af7f466}</UniqueIdentifier>
    </Filter>
    <Filter Include="Components">
      <UniqueIdentifier>{ba6ecf5b-1f2a-40e8-b856-60124d27959b}</UniqueIdentifier>
    </Filter>
    <Filter Include="Components\UI">
      <UniqueIdentifier>{047c046a-566b-422d-815e-41eac97af179}</UniqueIdentifier>
    </Filter>
    <Filter Include="Components\AI">
      <UniqueIdentifier>{13e61f37-add4-4feb-b24a-beaff2fe6a5c}</UniqueIdentifier>
    </Filter>
    <Filter Include="Components\Location">
      <UniqueIdentifier>{3fe56874-3c78-49cc-8060-1ea221bb5323}</UniqueIdentifier>
    </Filter>
    <Filter Include="Components\Sound">
      <UniqueIdentifier>{07760568-dfc7-44e9-994a-7e44b7f7c31b}</UniqueIdentifier>
    </Filter>
    <Filter Include="Components\Sprite">
      <UniqueIdentifier>{400bcfeb-5cb4-4e6b-919f-2b3e0eb20177}</UniqueIdentifier>
    </Filter>
    <Filter Include="Batch">
      <UniqueIdentifier>{bd435ccc-f34e-48d1-90b9-feff57eae2c4}</UniqueIdentifier>
    </Filter>
    <Filter Include="World">
      <UniqueIdentifier>{8dedd00a-d831-4e6b-9e09-dd77bef3ea2c}</UniqueIdentifier>
    </Filter>
    <Filter Include="Engine Platform\GUI">
      <UniqueIdentifier>{7e3bf603-bb0f-4879-9ffb-864e19cab3af}</UniqueIdentifier>
    </Filter>
    <Filter Include="Engine Platform\GUI\Renderer">
      <UniqueIdentifier>{4eaa592d-a3dc-4c16-b089-64499b64ff2a}</UniqueIdentifier>
    </Filter>
    <Filter Include="Engine Platform\GUI\Renderer\OpenGL">
      <UniqueIdentifier>{16d9aae2-55a9-42e2-b0d5-50ea31b36007}</UniqueIdentifier>
    </Filter>
    <Filter Include="ThirdParty\ImGUI">
      <UniqueIdentifier>{d214ac3d-99f8-4a09-b724-f8ce04656d34}</UniqueIdentifier>
    </Filter>
    <Filter Include="Textures">
      <UniqueIdentifier>{6c7e2375-757a-42e1-9ec8-ae258be5d044}</UniqueIdentifier>
    </Filter>
    <Filter Include="Sound">
      <UniqueIdentifier>{2129bb13-7ce2-4c77-85ce-1666480a14c4}</UniqueIdentifier>
    </Filter>
    <Filter Include="Entity">
      <UniqueIdentifier>{4507434a-b728-4fc5-a18e-e564796e518d}</UniqueIdentifier>
    </Filter>
    <Filter Include="Systems\Sound">
      <UniqueIdentifier>{b719bb4a-af53-4936-8ed5-aa9488d87bf8}</UniqueIdentifier>
    </Filter>
    <Filter Include="Systems\AI">
      <UniqueIdentifier>{700c4f84-a736-4e4b-ba08-c4f1ba1c2a1c}</UniqueIdentifier>
    </Filter>
    <Filter Include="Systems\GUI">
      <UniqueIdentifier>{02133e46-e359-4dd8-ab14-f0a53bd1d0db}</UniqueIdentifier>
    </Filter>
    <Filter Include="Systems\Model">
      <UniqueIdentifier>{0be12dd8-19ee-46d6-a97f-b2e3ceeb7e23}</UniqueIdentifier>
    </Filter>
    <Filter Include="Systems\Position">
      <UniqueIdentifier>{7294046a-c7f2-4e24-a1cd-6f5c65beed39}</UniqueIdentifier>
    </Filter>
    <Filter Include="Systems\Sprite">
      <UniqueIdentifier>{643a4105-7d61-4943-b635-1d370f20b9da}</UniqueIdentifier>
    </Filter>
    <Filter Include="Components\Camera">
      <UniqueIdentifier>{4ce63986-7d78-43f2-a25a-ac5ca840049e}</UniqueIdentifier>
    </Filter>
    <Filter Include="Systems\Camera">
      <UniqueIdentifier>{22285923-6451-45d9-b7c5-2ce9bbd22a2b}</UniqueIdentifier>
    </Filter>
    <Filter Include="Entity\Base">
      <UniqueIdentifier>{c77e0b94-3128-4ded-aa38-3fd0e005fad6}</UniqueIdentifier>
    </Filter>
    <Filter Include="Entity\Actor">
      <UniqueIdentifier>{bbe10fe3-dd7c-4a0b-9aa0-e5129d4dddc2}</UniqueIdentifier>
    </Filter>
    <Filter Include="Entity\NPC">
      <UniqueIdentifier>{55d44213-b39a-4626-af1a-14da70b51d55}</UniqueIdentifier>
    </Filter>
    <Filter Include="Components\Collision">
      <UniqueIdentifier>{2d466481-b460-4917-be98-8f13b41a9128}</UniqueIdentifier>
    </Filter>
    <Filter Include="Systems\Collision">
      <UniqueIdentifier>{f66d345f-5d70-447d-8d36-ee29f779baae}</UniqueIdentifier>
    </Filter>
  </ItemGroup>
  <ItemGroup>
    <ClInclude Include="..\ThirdParty\glew\include\GL\eglew.h">
      <Filter>ThirdParty\glew\include\GL</Filter>
    </ClInclude>
    <ClInclude Include="..\ThirdParty\glew\include\GL\glew.h">
      <Filter>ThirdParty\glew\include\GL</Filter>
    </ClInclude>
    <ClInclude Include="..\ThirdParty\glew\include\GL\glxew.h">
      <Filter>ThirdParty\glew\include\GL</Filter>
    </ClInclude>
    <ClInclude Include="..\ThirdParty\glew\include\GL\wglew.h">
      <Filter>ThirdParty\glew\include\GL</Filter>
    </ClInclude>
    <ClInclude Include="..\ThirdParty\glm\include\glm\common.hpp">
      <Filter>ThirdParty\glm\include\glm</Filter>
    </ClInclude>
    <ClInclude Include="..\ThirdParty\glm\include\glm\detail\_features.hpp">
      <Filter>ThirdParty\glm\include\glm\detail</Filter>
    </ClInclude>
    <ClInclude Include="..\ThirdParty\glm\include\glm\detail\_fixes.hpp">
      <Filter>ThirdParty\glm\include\glm\detail</Filter>
    </ClInclude>
    <ClInclude Include="..\ThirdParty\glm\include\glm\detail\_noise.hpp">
      <Filter>ThirdParty\glm\include\glm\detail</Filter>
    </ClInclude>
    <ClInclude Include="..\ThirdParty\glm\include\glm\detail\_swizzle.hpp">
      <Filter>ThirdParty\glm\include\glm\detail</Filter>
    </ClInclude>
    <ClInclude Include="..\ThirdParty\glm\include\glm\detail\_swizzle_func.hpp">
      <Filter>ThirdParty\glm\include\glm\detail</Filter>
    </ClInclude>
    <ClInclude Include="..\ThirdParty\glm\include\glm\detail\_vectorize.hpp">
      <Filter>ThirdParty\glm\include\glm\detail</Filter>
    </ClInclude>
    <ClInclude Include="..\ThirdParty\glm\include\glm\detail\compute_common.hpp">
      <Filter>ThirdParty\glm\include\glm\detail</Filter>
    </ClInclude>
    <ClInclude Include="..\ThirdParty\glm\include\glm\detail\compute_vector_relational.hpp">
      <Filter>ThirdParty\glm\include\glm\detail</Filter>
    </ClInclude>
    <ClInclude Include="..\ThirdParty\glm\include\glm\detail\func_common.inl">
      <Filter>ThirdParty\glm\include\glm\detail</Filter>
    </ClInclude>
    <ClInclude Include="..\ThirdParty\glm\include\glm\detail\func_common_simd.inl">
      <Filter>ThirdParty\glm\include\glm\detail</Filter>
    </ClInclude>
    <ClInclude Include="..\ThirdParty\glm\include\glm\detail\func_exponential.inl">
      <Filter>ThirdParty\glm\include\glm\detail</Filter>
    </ClInclude>
    <ClInclude Include="..\ThirdParty\glm\include\glm\detail\func_exponential_simd.inl">
      <Filter>ThirdParty\glm\include\glm\detail</Filter>
    </ClInclude>
    <ClInclude Include="..\ThirdParty\glm\include\glm\detail\func_geometric.inl">
      <Filter>ThirdParty\glm\include\glm\detail</Filter>
    </ClInclude>
    <ClInclude Include="..\ThirdParty\glm\include\glm\detail\func_geometric_simd.inl">
      <Filter>ThirdParty\glm\include\glm\detail</Filter>
    </ClInclude>
    <ClInclude Include="..\ThirdParty\glm\include\glm\detail\func_integer.inl">
      <Filter>ThirdParty\glm\include\glm\detail</Filter>
    </ClInclude>
    <ClInclude Include="..\ThirdParty\glm\include\glm\detail\func_integer_simd.inl">
      <Filter>ThirdParty\glm\include\glm\detail</Filter>
    </ClInclude>
    <ClInclude Include="..\ThirdParty\glm\include\glm\detail\func_matrix.inl">
      <Filter>ThirdParty\glm\include\glm\detail</Filter>
    </ClInclude>
    <ClInclude Include="..\ThirdParty\glm\include\glm\detail\func_matrix_simd.inl">
      <Filter>ThirdParty\glm\include\glm\detail</Filter>
    </ClInclude>
    <ClInclude Include="..\ThirdParty\glm\include\glm\detail\func_packing.inl">
      <Filter>ThirdParty\glm\include\glm\detail</Filter>
    </ClInclude>
    <ClInclude Include="..\ThirdParty\glm\include\glm\detail\func_packing_simd.inl">
      <Filter>ThirdParty\glm\include\glm\detail</Filter>
    </ClInclude>
    <ClInclude Include="..\ThirdParty\glm\include\glm\detail\func_trigonometric.inl">
      <Filter>ThirdParty\glm\include\glm\detail</Filter>
    </ClInclude>
    <ClInclude Include="..\ThirdParty\glm\include\glm\detail\func_trigonometric_simd.inl">
      <Filter>ThirdParty\glm\include\glm\detail</Filter>
    </ClInclude>
    <ClInclude Include="..\ThirdParty\glm\include\glm\detail\func_vector_relational.inl">
      <Filter>ThirdParty\glm\include\glm\detail</Filter>
    </ClInclude>
    <ClInclude Include="..\ThirdParty\glm\include\glm\detail\func_vector_relational_simd.inl">
      <Filter>ThirdParty\glm\include\glm\detail</Filter>
    </ClInclude>
    <ClInclude Include="..\ThirdParty\glm\include\glm\detail\qualifier.hpp">
      <Filter>ThirdParty\glm\include\glm\detail</Filter>
    </ClInclude>
    <ClInclude Include="..\ThirdParty\glm\include\glm\detail\setup.hpp">
      <Filter>ThirdParty\glm\include\glm\detail</Filter>
    </ClInclude>
    <ClInclude Include="..\ThirdParty\glm\include\glm\detail\type_float.hpp">
      <Filter>ThirdParty\glm\include\glm\detail</Filter>
    </ClInclude>
    <ClInclude Include="..\ThirdParty\glm\include\glm\detail\type_half.hpp">
      <Filter>ThirdParty\glm\include\glm\detail</Filter>
    </ClInclude>
    <ClInclude Include="..\ThirdParty\glm\include\glm\detail\type_half.inl">
      <Filter>ThirdParty\glm\include\glm\detail</Filter>
    </ClInclude>
    <ClInclude Include="..\ThirdParty\glm\include\glm\detail\type_mat2x2.hpp">
      <Filter>ThirdParty\glm\include\glm\detail</Filter>
    </ClInclude>
    <ClInclude Include="..\ThirdParty\glm\include\glm\detail\type_mat2x2.inl">
      <Filter>ThirdParty\glm\include\glm\detail</Filter>
    </ClInclude>
    <ClInclude Include="..\ThirdParty\glm\include\glm\detail\type_mat2x3.hpp">
      <Filter>ThirdParty\glm\include\glm\detail</Filter>
    </ClInclude>
    <ClInclude Include="..\ThirdParty\glm\include\glm\detail\type_mat2x3.inl">
      <Filter>ThirdParty\glm\include\glm\detail</Filter>
    </ClInclude>
    <ClInclude Include="..\ThirdParty\glm\include\glm\detail\type_mat2x4.hpp">
      <Filter>ThirdParty\glm\include\glm\detail</Filter>
    </ClInclude>
    <ClInclude Include="..\ThirdParty\glm\include\glm\detail\type_mat2x4.inl">
      <Filter>ThirdParty\glm\include\glm\detail</Filter>
    </ClInclude>
    <ClInclude Include="..\ThirdParty\glm\include\glm\detail\type_mat3x2.hpp">
      <Filter>ThirdParty\glm\include\glm\detail</Filter>
    </ClInclude>
    <ClInclude Include="..\ThirdParty\glm\include\glm\detail\type_mat3x2.inl">
      <Filter>ThirdParty\glm\include\glm\detail</Filter>
    </ClInclude>
    <ClInclude Include="..\ThirdParty\glm\include\glm\detail\type_mat3x3.hpp">
      <Filter>ThirdParty\glm\include\glm\detail</Filter>
    </ClInclude>
    <ClInclude Include="..\ThirdParty\glm\include\glm\detail\type_mat3x3.inl">
      <Filter>ThirdParty\glm\include\glm\detail</Filter>
    </ClInclude>
    <ClInclude Include="..\ThirdParty\glm\include\glm\detail\type_mat3x4.hpp">
      <Filter>ThirdParty\glm\include\glm\detail</Filter>
    </ClInclude>
    <ClInclude Include="..\ThirdParty\glm\include\glm\detail\type_mat3x4.inl">
      <Filter>ThirdParty\glm\include\glm\detail</Filter>
    </ClInclude>
    <ClInclude Include="..\ThirdParty\glm\include\glm\detail\type_mat4x2.hpp">
      <Filter>ThirdParty\glm\include\glm\detail</Filter>
    </ClInclude>
    <ClInclude Include="..\ThirdParty\glm\include\glm\detail\type_mat4x2.inl">
      <Filter>ThirdParty\glm\include\glm\detail</Filter>
    </ClInclude>
    <ClInclude Include="..\ThirdParty\glm\include\glm\detail\type_mat4x3.hpp">
      <Filter>ThirdParty\glm\include\glm\detail</Filter>
    </ClInclude>
    <ClInclude Include="..\ThirdParty\glm\include\glm\detail\type_mat4x3.inl">
      <Filter>ThirdParty\glm\include\glm\detail</Filter>
    </ClInclude>
    <ClInclude Include="..\ThirdParty\glm\include\glm\detail\type_mat4x4.hpp">
      <Filter>ThirdParty\glm\include\glm\detail</Filter>
    </ClInclude>
    <ClInclude Include="..\ThirdParty\glm\include\glm\detail\type_mat4x4.inl">
      <Filter>ThirdParty\glm\include\glm\detail</Filter>
    </ClInclude>
    <ClInclude Include="..\ThirdParty\glm\include\glm\detail\type_mat4x4_simd.inl">
      <Filter>ThirdParty\glm\include\glm\detail</Filter>
    </ClInclude>
    <ClInclude Include="..\ThirdParty\glm\include\glm\detail\type_quat.hpp">
      <Filter>ThirdParty\glm\include\glm\detail</Filter>
    </ClInclude>
    <ClInclude Include="..\ThirdParty\glm\include\glm\detail\type_quat.inl">
      <Filter>ThirdParty\glm\include\glm\detail</Filter>
    </ClInclude>
    <ClInclude Include="..\ThirdParty\glm\include\glm\detail\type_quat_simd.inl">
      <Filter>ThirdParty\glm\include\glm\detail</Filter>
    </ClInclude>
    <ClInclude Include="..\ThirdParty\glm\include\glm\detail\type_vec1.hpp">
      <Filter>ThirdParty\glm\include\glm\detail</Filter>
    </ClInclude>
    <ClInclude Include="..\ThirdParty\glm\include\glm\detail\type_vec1.inl">
      <Filter>ThirdParty\glm\include\glm\detail</Filter>
    </ClInclude>
    <ClInclude Include="..\ThirdParty\glm\include\glm\detail\type_vec2.hpp">
      <Filter>ThirdParty\glm\include\glm\detail</Filter>
    </ClInclude>
    <ClInclude Include="..\ThirdParty\glm\include\glm\detail\type_vec2.inl">
      <Filter>ThirdParty\glm\include\glm\detail</Filter>
    </ClInclude>
    <ClInclude Include="..\ThirdParty\glm\include\glm\detail\type_vec3.hpp">
      <Filter>ThirdParty\glm\include\glm\detail</Filter>
    </ClInclude>
    <ClInclude Include="..\ThirdParty\glm\include\glm\detail\type_vec3.inl">
      <Filter>ThirdParty\glm\include\glm\detail</Filter>
    </ClInclude>
    <ClInclude Include="..\ThirdParty\glm\include\glm\detail\type_vec4.hpp">
      <Filter>ThirdParty\glm\include\glm\detail</Filter>
    </ClInclude>
    <ClInclude Include="..\ThirdParty\glm\include\glm\detail\type_vec4.inl">
      <Filter>ThirdParty\glm\include\glm\detail</Filter>
    </ClInclude>
    <ClInclude Include="..\ThirdParty\glm\include\glm\detail\type_vec4_simd.inl">
      <Filter>ThirdParty\glm\include\glm\detail</Filter>
    </ClInclude>
    <ClInclude Include="..\ThirdParty\glm\include\glm\exponential.hpp">
      <Filter>ThirdParty\glm\include\glm</Filter>
    </ClInclude>
    <ClInclude Include="..\ThirdParty\glm\include\glm\ext.hpp">
      <Filter>ThirdParty\glm\include\glm</Filter>
    </ClInclude>
    <ClInclude Include="..\ThirdParty\glm\include\glm\ext\matrix_clip_space.hpp">
      <Filter>ThirdParty\glm\include\glm\ext</Filter>
    </ClInclude>
    <ClInclude Include="..\ThirdParty\glm\include\glm\ext\matrix_clip_space.inl">
      <Filter>ThirdParty\glm\include\glm\ext</Filter>
    </ClInclude>
    <ClInclude Include="..\ThirdParty\glm\include\glm\ext\matrix_double2x2.hpp">
      <Filter>ThirdParty\glm\include\glm\ext</Filter>
    </ClInclude>
    <ClInclude Include="..\ThirdParty\glm\include\glm\ext\matrix_double2x2_precision.hpp">
      <Filter>ThirdParty\glm\include\glm\ext</Filter>
    </ClInclude>
    <ClInclude Include="..\ThirdParty\glm\include\glm\ext\matrix_double2x3.hpp">
      <Filter>ThirdParty\glm\include\glm\ext</Filter>
    </ClInclude>
    <ClInclude Include="..\ThirdParty\glm\include\glm\ext\matrix_double2x3_precision.hpp">
      <Filter>ThirdParty\glm\include\glm\ext</Filter>
    </ClInclude>
    <ClInclude Include="..\ThirdParty\glm\include\glm\ext\matrix_double2x4.hpp">
      <Filter>ThirdParty\glm\include\glm\ext</Filter>
    </ClInclude>
    <ClInclude Include="..\ThirdParty\glm\include\glm\ext\matrix_double2x4_precision.hpp">
      <Filter>ThirdParty\glm\include\glm\ext</Filter>
    </ClInclude>
    <ClInclude Include="..\ThirdParty\glm\include\glm\ext\matrix_double3x2.hpp">
      <Filter>ThirdParty\glm\include\glm\ext</Filter>
    </ClInclude>
    <ClInclude Include="..\ThirdParty\glm\include\glm\ext\matrix_double3x2_precision.hpp">
      <Filter>ThirdParty\glm\include\glm\ext</Filter>
    </ClInclude>
    <ClInclude Include="..\ThirdParty\glm\include\glm\ext\matrix_double3x3.hpp">
      <Filter>ThirdParty\glm\include\glm\ext</Filter>
    </ClInclude>
    <ClInclude Include="..\ThirdParty\glm\include\glm\ext\matrix_double3x3_precision.hpp">
      <Filter>ThirdParty\glm\include\glm\ext</Filter>
    </ClInclude>
    <ClInclude Include="..\ThirdParty\glm\include\glm\ext\matrix_double3x4.hpp">
      <Filter>ThirdParty\glm\include\glm\ext</Filter>
    </ClInclude>
    <ClInclude Include="..\ThirdParty\glm\include\glm\ext\matrix_double3x4_precision.hpp">
      <Filter>ThirdParty\glm\include\glm\ext</Filter>
    </ClInclude>
    <ClInclude Include="..\ThirdParty\glm\include\glm\ext\matrix_double4x2.hpp">
      <Filter>ThirdParty\glm\include\glm\ext</Filter>
    </ClInclude>
    <ClInclude Include="..\ThirdParty\glm\include\glm\ext\matrix_double4x2_precision.hpp">
      <Filter>ThirdParty\glm\include\glm\ext</Filter>
    </ClInclude>
    <ClInclude Include="..\ThirdParty\glm\include\glm\ext\matrix_double4x3.hpp">
      <Filter>ThirdParty\glm\include\glm\ext</Filter>
    </ClInclude>
    <ClInclude Include="..\ThirdParty\glm\include\glm\ext\matrix_double4x3_precision.hpp">
      <Filter>ThirdParty\glm\include\glm\ext</Filter>
    </ClInclude>
    <ClInclude Include="..\ThirdParty\glm\include\glm\ext\matrix_double4x4.hpp">
      <Filter>ThirdParty\glm\include\glm\ext</Filter>
    </ClInclude>
    <ClInclude Include="..\ThirdParty\glm\include\glm\ext\matrix_double4x4_precision.hpp">
      <Filter>ThirdParty\glm\include\glm\ext</Filter>
    </ClInclude>
    <ClInclude Include="..\ThirdParty\glm\include\glm\ext\matrix_float2x2.hpp">
      <Filter>ThirdParty\glm\include\glm\ext</Filter>
    </ClInclude>
    <ClInclude Include="..\ThirdParty\glm\include\glm\ext\matrix_float2x2_precision.hpp">
      <Filter>ThirdParty\glm\include\glm\ext</Filter>
    </ClInclude>
    <ClInclude Include="..\ThirdParty\glm\include\glm\ext\matrix_float2x3.hpp">
      <Filter>ThirdParty\glm\include\glm\ext</Filter>
    </ClInclude>
    <ClInclude Include="..\ThirdParty\glm\include\glm\ext\matrix_float2x3_precision.hpp">
      <Filter>ThirdParty\glm\include\glm\ext</Filter>
    </ClInclude>
    <ClInclude Include="..\ThirdParty\glm\include\glm\ext\matrix_float2x4.hpp">
      <Filter>ThirdParty\glm\include\glm\ext</Filter>
    </ClInclude>
    <ClInclude Include="..\ThirdParty\glm\include\glm\ext\matrix_float2x4_precision.hpp">
      <Filter>ThirdParty\glm\include\glm\ext</Filter>
    </ClInclude>
    <ClInclude Include="..\ThirdParty\glm\include\glm\ext\matrix_float3x2.hpp">
      <Filter>ThirdParty\glm\include\glm\ext</Filter>
    </ClInclude>
    <ClInclude Include="..\ThirdParty\glm\include\glm\ext\matrix_float3x2_precision.hpp">
      <Filter>ThirdParty\glm\include\glm\ext</Filter>
    </ClInclude>
    <ClInclude Include="..\ThirdParty\glm\include\glm\ext\matrix_float3x3.hpp">
      <Filter>ThirdParty\glm\include\glm\ext</Filter>
    </ClInclude>
    <ClInclude Include="..\ThirdParty\glm\include\glm\ext\matrix_float3x3_precision.hpp">
      <Filter>ThirdParty\glm\include\glm\ext</Filter>
    </ClInclude>
    <ClInclude Include="..\ThirdParty\glm\include\glm\ext\matrix_float3x4.hpp">
      <Filter>ThirdParty\glm\include\glm\ext</Filter>
    </ClInclude>
    <ClInclude Include="..\ThirdParty\glm\include\glm\ext\matrix_float3x4_precision.hpp">
      <Filter>ThirdParty\glm\include\glm\ext</Filter>
    </ClInclude>
    <ClInclude Include="..\ThirdParty\glm\include\glm\ext\matrix_float4x2.hpp">
      <Filter>ThirdParty\glm\include\glm\ext</Filter>
    </ClInclude>
    <ClInclude Include="..\ThirdParty\glm\include\glm\ext\matrix_float4x2_precision.hpp">
      <Filter>ThirdParty\glm\include\glm\ext</Filter>
    </ClInclude>
    <ClInclude Include="..\ThirdParty\glm\include\glm\ext\matrix_float4x3.hpp">
      <Filter>ThirdParty\glm\include\glm\ext</Filter>
    </ClInclude>
    <ClInclude Include="..\ThirdParty\glm\include\glm\ext\matrix_float4x3_precision.hpp">
      <Filter>ThirdParty\glm\include\glm\ext</Filter>
    </ClInclude>
    <ClInclude Include="..\ThirdParty\glm\include\glm\ext\matrix_float4x4.hpp">
      <Filter>ThirdParty\glm\include\glm\ext</Filter>
    </ClInclude>
    <ClInclude Include="..\ThirdParty\glm\include\glm\ext\matrix_float4x4_precision.hpp">
      <Filter>ThirdParty\glm\include\glm\ext</Filter>
    </ClInclude>
    <ClInclude Include="..\ThirdParty\glm\include\glm\ext\matrix_projection.hpp">
      <Filter>ThirdParty\glm\include\glm\ext</Filter>
    </ClInclude>
    <ClInclude Include="..\ThirdParty\glm\include\glm\ext\matrix_projection.inl">
      <Filter>ThirdParty\glm\include\glm\ext</Filter>
    </ClInclude>
    <ClInclude Include="..\ThirdParty\glm\include\glm\ext\matrix_relational.hpp">
      <Filter>ThirdParty\glm\include\glm\ext</Filter>
    </ClInclude>
    <ClInclude Include="..\ThirdParty\glm\include\glm\ext\matrix_relational.inl">
      <Filter>ThirdParty\glm\include\glm\ext</Filter>
    </ClInclude>
    <ClInclude Include="..\ThirdParty\glm\include\glm\ext\matrix_transform.hpp">
      <Filter>ThirdParty\glm\include\glm\ext</Filter>
    </ClInclude>
    <ClInclude Include="..\ThirdParty\glm\include\glm\ext\matrix_transform.inl">
      <Filter>ThirdParty\glm\include\glm\ext</Filter>
    </ClInclude>
    <ClInclude Include="..\ThirdParty\glm\include\glm\ext\quaternion_common.hpp">
      <Filter>ThirdParty\glm\include\glm\ext</Filter>
    </ClInclude>
    <ClInclude Include="..\ThirdParty\glm\include\glm\ext\quaternion_common.inl">
      <Filter>ThirdParty\glm\include\glm\ext</Filter>
    </ClInclude>
    <ClInclude Include="..\ThirdParty\glm\include\glm\ext\quaternion_common_simd.inl">
      <Filter>ThirdParty\glm\include\glm\ext</Filter>
    </ClInclude>
    <ClInclude Include="..\ThirdParty\glm\include\glm\ext\quaternion_double.hpp">
      <Filter>ThirdParty\glm\include\glm\ext</Filter>
    </ClInclude>
    <ClInclude Include="..\ThirdParty\glm\include\glm\ext\quaternion_double_precision.hpp">
      <Filter>ThirdParty\glm\include\glm\ext</Filter>
    </ClInclude>
    <ClInclude Include="..\ThirdParty\glm\include\glm\ext\quaternion_exponential.hpp">
      <Filter>ThirdParty\glm\include\glm\ext</Filter>
    </ClInclude>
    <ClInclude Include="..\ThirdParty\glm\include\glm\ext\quaternion_exponential.inl">
      <Filter>ThirdParty\glm\include\glm\ext</Filter>
    </ClInclude>
    <ClInclude Include="..\ThirdParty\glm\include\glm\ext\quaternion_float.hpp">
      <Filter>ThirdParty\glm\include\glm\ext</Filter>
    </ClInclude>
    <ClInclude Include="..\ThirdParty\glm\include\glm\ext\quaternion_float_precision.hpp">
      <Filter>ThirdParty\glm\include\glm\ext</Filter>
    </ClInclude>
    <ClInclude Include="..\ThirdParty\glm\include\glm\ext\quaternion_geometric.hpp">
      <Filter>ThirdParty\glm\include\glm\ext</Filter>
    </ClInclude>
    <ClInclude Include="..\ThirdParty\glm\include\glm\ext\quaternion_geometric.inl">
      <Filter>ThirdParty\glm\include\glm\ext</Filter>
    </ClInclude>
    <ClInclude Include="..\ThirdParty\glm\include\glm\ext\quaternion_relational.hpp">
      <Filter>ThirdParty\glm\include\glm\ext</Filter>
    </ClInclude>
    <ClInclude Include="..\ThirdParty\glm\include\glm\ext\quaternion_relational.inl">
      <Filter>ThirdParty\glm\include\glm\ext</Filter>
    </ClInclude>
    <ClInclude Include="..\ThirdParty\glm\include\glm\ext\quaternion_transform.hpp">
      <Filter>ThirdParty\glm\include\glm\ext</Filter>
    </ClInclude>
    <ClInclude Include="..\ThirdParty\glm\include\glm\ext\quaternion_transform.inl">
      <Filter>ThirdParty\glm\include\glm\ext</Filter>
    </ClInclude>
    <ClInclude Include="..\ThirdParty\glm\include\glm\ext\quaternion_trigonometric.hpp">
      <Filter>ThirdParty\glm\include\glm\ext</Filter>
    </ClInclude>
    <ClInclude Include="..\ThirdParty\glm\include\glm\ext\quaternion_trigonometric.inl">
      <Filter>ThirdParty\glm\include\glm\ext</Filter>
    </ClInclude>
    <ClInclude Include="..\ThirdParty\glm\include\glm\ext\scalar_common.hpp">
      <Filter>ThirdParty\glm\include\glm\ext</Filter>
    </ClInclude>
    <ClInclude Include="..\ThirdParty\glm\include\glm\ext\scalar_common.inl">
      <Filter>ThirdParty\glm\include\glm\ext</Filter>
    </ClInclude>
    <ClInclude Include="..\ThirdParty\glm\include\glm\ext\scalar_constants.hpp">
      <Filter>ThirdParty\glm\include\glm\ext</Filter>
    </ClInclude>
    <ClInclude Include="..\ThirdParty\glm\include\glm\ext\scalar_constants.inl">
      <Filter>ThirdParty\glm\include\glm\ext</Filter>
    </ClInclude>
    <ClInclude Include="..\ThirdParty\glm\include\glm\ext\scalar_int_sized.hpp">
      <Filter>ThirdParty\glm\include\glm\ext</Filter>
    </ClInclude>
    <ClInclude Include="..\ThirdParty\glm\include\glm\ext\scalar_relational.hpp">
      <Filter>ThirdParty\glm\include\glm\ext</Filter>
    </ClInclude>
    <ClInclude Include="..\ThirdParty\glm\include\glm\ext\scalar_relational.inl">
      <Filter>ThirdParty\glm\include\glm\ext</Filter>
    </ClInclude>
    <ClInclude Include="..\ThirdParty\glm\include\glm\ext\scalar_uint_sized.hpp">
      <Filter>ThirdParty\glm\include\glm\ext</Filter>
    </ClInclude>
    <ClInclude Include="..\ThirdParty\glm\include\glm\ext\scalar_ulp.hpp">
      <Filter>ThirdParty\glm\include\glm\ext</Filter>
    </ClInclude>
    <ClInclude Include="..\ThirdParty\glm\include\glm\ext\scalar_ulp.inl">
      <Filter>ThirdParty\glm\include\glm\ext</Filter>
    </ClInclude>
    <ClInclude Include="..\ThirdParty\glm\include\glm\ext\vector_bool1.hpp">
      <Filter>ThirdParty\glm\include\glm\ext</Filter>
    </ClInclude>
    <ClInclude Include="..\ThirdParty\glm\include\glm\ext\vector_bool1_precision.hpp">
      <Filter>ThirdParty\glm\include\glm\ext</Filter>
    </ClInclude>
    <ClInclude Include="..\ThirdParty\glm\include\glm\ext\vector_bool2.hpp">
      <Filter>ThirdParty\glm\include\glm\ext</Filter>
    </ClInclude>
    <ClInclude Include="..\ThirdParty\glm\include\glm\ext\vector_bool2_precision.hpp">
      <Filter>ThirdParty\glm\include\glm\ext</Filter>
    </ClInclude>
    <ClInclude Include="..\ThirdParty\glm\include\glm\ext\vector_bool3.hpp">
      <Filter>ThirdParty\glm\include\glm\ext</Filter>
    </ClInclude>
    <ClInclude Include="..\ThirdParty\glm\include\glm\ext\vector_bool3_precision.hpp">
      <Filter>ThirdParty\glm\include\glm\ext</Filter>
    </ClInclude>
    <ClInclude Include="..\ThirdParty\glm\include\glm\ext\vector_bool4.hpp">
      <Filter>ThirdParty\glm\include\glm\ext</Filter>
    </ClInclude>
    <ClInclude Include="..\ThirdParty\glm\include\glm\ext\vector_bool4_precision.hpp">
      <Filter>ThirdParty\glm\include\glm\ext</Filter>
    </ClInclude>
    <ClInclude Include="..\ThirdParty\glm\include\glm\ext\vector_common.hpp">
      <Filter>ThirdParty\glm\include\glm\ext</Filter>
    </ClInclude>
    <ClInclude Include="..\ThirdParty\glm\include\glm\ext\vector_common.inl">
      <Filter>ThirdParty\glm\include\glm\ext</Filter>
    </ClInclude>
    <ClInclude Include="..\ThirdParty\glm\include\glm\ext\vector_double1.hpp">
      <Filter>ThirdParty\glm\include\glm\ext</Filter>
    </ClInclude>
    <ClInclude Include="..\ThirdParty\glm\include\glm\ext\vector_double1_precision.hpp">
      <Filter>ThirdParty\glm\include\glm\ext</Filter>
    </ClInclude>
    <ClInclude Include="..\ThirdParty\glm\include\glm\ext\vector_double2.hpp">
      <Filter>ThirdParty\glm\include\glm\ext</Filter>
    </ClInclude>
    <ClInclude Include="..\ThirdParty\glm\include\glm\ext\vector_double2_precision.hpp">
      <Filter>ThirdParty\glm\include\glm\ext</Filter>
    </ClInclude>
    <ClInclude Include="..\ThirdParty\glm\include\glm\ext\vector_double3.hpp">
      <Filter>ThirdParty\glm\include\glm\ext</Filter>
    </ClInclude>
    <ClInclude Include="..\ThirdParty\glm\include\glm\ext\vector_double3_precision.hpp">
      <Filter>ThirdParty\glm\include\glm\ext</Filter>
    </ClInclude>
    <ClInclude Include="..\ThirdParty\glm\include\glm\ext\vector_double4.hpp">
      <Filter>ThirdParty\glm\include\glm\ext</Filter>
    </ClInclude>
    <ClInclude Include="..\ThirdParty\glm\include\glm\ext\vector_double4_precision.hpp">
      <Filter>ThirdParty\glm\include\glm\ext</Filter>
    </ClInclude>
    <ClInclude Include="..\ThirdParty\glm\include\glm\ext\vector_float1.hpp">
      <Filter>ThirdParty\glm\include\glm\ext</Filter>
    </ClInclude>
    <ClInclude Include="..\ThirdParty\glm\include\glm\ext\vector_float1_precision.hpp">
      <Filter>ThirdParty\glm\include\glm\ext</Filter>
    </ClInclude>
    <ClInclude Include="..\ThirdParty\glm\include\glm\ext\vector_float2.hpp">
      <Filter>ThirdParty\glm\include\glm\ext</Filter>
    </ClInclude>
    <ClInclude Include="..\ThirdParty\glm\include\glm\ext\vector_float2_precision.hpp">
      <Filter>ThirdParty\glm\include\glm\ext</Filter>
    </ClInclude>
    <ClInclude Include="..\ThirdParty\glm\include\glm\ext\vector_float3.hpp">
      <Filter>ThirdParty\glm\include\glm\ext</Filter>
    </ClInclude>
    <ClInclude Include="..\ThirdParty\glm\include\glm\ext\vector_float3_precision.hpp">
      <Filter>ThirdParty\glm\include\glm\ext</Filter>
    </ClInclude>
    <ClInclude Include="..\ThirdParty\glm\include\glm\ext\vector_float4.hpp">
      <Filter>ThirdParty\glm\include\glm\ext</Filter>
    </ClInclude>
    <ClInclude Include="..\ThirdParty\glm\include\glm\ext\vector_float4_precision.hpp">
      <Filter>ThirdParty\glm\include\glm\ext</Filter>
    </ClInclude>
    <ClInclude Include="..\ThirdParty\glm\include\glm\ext\vector_int1.hpp">
      <Filter>ThirdParty\glm\include\glm\ext</Filter>
    </ClInclude>
    <ClInclude Include="..\ThirdParty\glm\include\glm\ext\vector_int1_precision.hpp">
      <Filter>ThirdParty\glm\include\glm\ext</Filter>
    </ClInclude>
    <ClInclude Include="..\ThirdParty\glm\include\glm\ext\vector_int2.hpp">
      <Filter>ThirdParty\glm\include\glm\ext</Filter>
    </ClInclude>
    <ClInclude Include="..\ThirdParty\glm\include\glm\ext\vector_int2_precision.hpp">
      <Filter>ThirdParty\glm\include\glm\ext</Filter>
    </ClInclude>
    <ClInclude Include="..\ThirdParty\glm\include\glm\ext\vector_int3.hpp">
      <Filter>ThirdParty\glm\include\glm\ext</Filter>
    </ClInclude>
    <ClInclude Include="..\ThirdParty\glm\include\glm\ext\vector_int3_precision.hpp">
      <Filter>ThirdParty\glm\include\glm\ext</Filter>
    </ClInclude>
    <ClInclude Include="..\ThirdParty\glm\include\glm\ext\vector_int4.hpp">
      <Filter>ThirdParty\glm\include\glm\ext</Filter>
    </ClInclude>
    <ClInclude Include="..\ThirdParty\glm\include\glm\ext\vector_int4_precision.hpp">
      <Filter>ThirdParty\glm\include\glm\ext</Filter>
    </ClInclude>
    <ClInclude Include="..\ThirdParty\glm\include\glm\ext\vector_relational.hpp">
      <Filter>ThirdParty\glm\include\glm\ext</Filter>
    </ClInclude>
    <ClInclude Include="..\ThirdParty\glm\include\glm\ext\vector_relational.inl">
      <Filter>ThirdParty\glm\include\glm\ext</Filter>
    </ClInclude>
    <ClInclude Include="..\ThirdParty\glm\include\glm\ext\vector_uint1.hpp">
      <Filter>ThirdParty\glm\include\glm\ext</Filter>
    </ClInclude>
    <ClInclude Include="..\ThirdParty\glm\include\glm\ext\vector_uint1_precision.hpp">
      <Filter>ThirdParty\glm\include\glm\ext</Filter>
    </ClInclude>
    <ClInclude Include="..\ThirdParty\glm\include\glm\ext\vector_uint2.hpp">
      <Filter>ThirdParty\glm\include\glm\ext</Filter>
    </ClInclude>
    <ClInclude Include="..\ThirdParty\glm\include\glm\ext\vector_uint2_precision.hpp">
      <Filter>ThirdParty\glm\include\glm\ext</Filter>
    </ClInclude>
    <ClInclude Include="..\ThirdParty\glm\include\glm\ext\vector_uint3.hpp">
      <Filter>ThirdParty\glm\include\glm\ext</Filter>
    </ClInclude>
    <ClInclude Include="..\ThirdParty\glm\include\glm\ext\vector_uint3_precision.hpp">
      <Filter>ThirdParty\glm\include\glm\ext</Filter>
    </ClInclude>
    <ClInclude Include="..\ThirdParty\glm\include\glm\ext\vector_uint4.hpp">
      <Filter>ThirdParty\glm\include\glm\ext</Filter>
    </ClInclude>
    <ClInclude Include="..\ThirdParty\glm\include\glm\ext\vector_uint4_precision.hpp">
      <Filter>ThirdParty\glm\include\glm\ext</Filter>
    </ClInclude>
    <ClInclude Include="..\ThirdParty\glm\include\glm\ext\vector_ulp.hpp">
      <Filter>ThirdParty\glm\include\glm\ext</Filter>
    </ClInclude>
    <ClInclude Include="..\ThirdParty\glm\include\glm\ext\vector_ulp.inl">
      <Filter>ThirdParty\glm\include\glm\ext</Filter>
    </ClInclude>
    <ClInclude Include="..\ThirdParty\glm\include\glm\fwd.hpp">
      <Filter>ThirdParty\glm\include\glm</Filter>
    </ClInclude>
    <ClInclude Include="..\ThirdParty\glm\include\glm\geometric.hpp">
      <Filter>ThirdParty\glm\include\glm</Filter>
    </ClInclude>
    <ClInclude Include="..\ThirdParty\glm\include\glm\glm.hpp">
      <Filter>ThirdParty\glm\include\glm</Filter>
    </ClInclude>
    <ClInclude Include="..\ThirdParty\glm\include\glm\gtc\bitfield.hpp">
      <Filter>ThirdParty\glm\include\glm\gtc</Filter>
    </ClInclude>
    <ClInclude Include="..\ThirdParty\glm\include\glm\gtc\bitfield.inl">
      <Filter>ThirdParty\glm\include\glm\gtc</Filter>
    </ClInclude>
    <ClInclude Include="..\ThirdParty\glm\include\glm\gtc\color_space.hpp">
      <Filter>ThirdParty\glm\include\glm\gtc</Filter>
    </ClInclude>
    <ClInclude Include="..\ThirdParty\glm\include\glm\gtc\color_space.inl">
      <Filter>ThirdParty\glm\include\glm\gtc</Filter>
    </ClInclude>
    <ClInclude Include="..\ThirdParty\glm\include\glm\gtc\constants.hpp">
      <Filter>ThirdParty\glm\include\glm\gtc</Filter>
    </ClInclude>
    <ClInclude Include="..\ThirdParty\glm\include\glm\gtc\constants.inl">
      <Filter>ThirdParty\glm\include\glm\gtc</Filter>
    </ClInclude>
    <ClInclude Include="..\ThirdParty\glm\include\glm\gtc\epsilon.hpp">
      <Filter>ThirdParty\glm\include\glm\gtc</Filter>
    </ClInclude>
    <ClInclude Include="..\ThirdParty\glm\include\glm\gtc\epsilon.inl">
      <Filter>ThirdParty\glm\include\glm\gtc</Filter>
    </ClInclude>
    <ClInclude Include="..\ThirdParty\glm\include\glm\gtc\integer.hpp">
      <Filter>ThirdParty\glm\include\glm\gtc</Filter>
    </ClInclude>
    <ClInclude Include="..\ThirdParty\glm\include\glm\gtc\integer.inl">
      <Filter>ThirdParty\glm\include\glm\gtc</Filter>
    </ClInclude>
    <ClInclude Include="..\ThirdParty\glm\include\glm\gtc\matrix_access.hpp">
      <Filter>ThirdParty\glm\include\glm\gtc</Filter>
    </ClInclude>
    <ClInclude Include="..\ThirdParty\glm\include\glm\gtc\matrix_access.inl">
      <Filter>ThirdParty\glm\include\glm\gtc</Filter>
    </ClInclude>
    <ClInclude Include="..\ThirdParty\glm\include\glm\gtc\matrix_integer.hpp">
      <Filter>ThirdParty\glm\include\glm\gtc</Filter>
    </ClInclude>
    <ClInclude Include="..\ThirdParty\glm\include\glm\gtc\matrix_inverse.hpp">
      <Filter>ThirdParty\glm\include\glm\gtc</Filter>
    </ClInclude>
    <ClInclude Include="..\ThirdParty\glm\include\glm\gtc\matrix_inverse.inl">
      <Filter>ThirdParty\glm\include\glm\gtc</Filter>
    </ClInclude>
    <ClInclude Include="..\ThirdParty\glm\include\glm\gtc\matrix_transform.hpp">
      <Filter>ThirdParty\glm\include\glm\gtc</Filter>
    </ClInclude>
    <ClInclude Include="..\ThirdParty\glm\include\glm\gtc\matrix_transform.inl">
      <Filter>ThirdParty\glm\include\glm\gtc</Filter>
    </ClInclude>
    <ClInclude Include="..\ThirdParty\glm\include\glm\gtc\noise.hpp">
      <Filter>ThirdParty\glm\include\glm\gtc</Filter>
    </ClInclude>
    <ClInclude Include="..\ThirdParty\glm\include\glm\gtc\noise.inl">
      <Filter>ThirdParty\glm\include\glm\gtc</Filter>
    </ClInclude>
    <ClInclude Include="..\ThirdParty\glm\include\glm\gtc\packing.hpp">
      <Filter>ThirdParty\glm\include\glm\gtc</Filter>
    </ClInclude>
    <ClInclude Include="..\ThirdParty\glm\include\glm\gtc\packing.inl">
      <Filter>ThirdParty\glm\include\glm\gtc</Filter>
    </ClInclude>
    <ClInclude Include="..\ThirdParty\glm\include\glm\gtc\quaternion.hpp">
      <Filter>ThirdParty\glm\include\glm\gtc</Filter>
    </ClInclude>
    <ClInclude Include="..\ThirdParty\glm\include\glm\gtc\quaternion.inl">
      <Filter>ThirdParty\glm\include\glm\gtc</Filter>
    </ClInclude>
    <ClInclude Include="..\ThirdParty\glm\include\glm\gtc\quaternion_simd.inl">
      <Filter>ThirdParty\glm\include\glm\gtc</Filter>
    </ClInclude>
    <ClInclude Include="..\ThirdParty\glm\include\glm\gtc\random.hpp">
      <Filter>ThirdParty\glm\include\glm\gtc</Filter>
    </ClInclude>
    <ClInclude Include="..\ThirdParty\glm\include\glm\gtc\random.inl">
      <Filter>ThirdParty\glm\include\glm\gtc</Filter>
    </ClInclude>
    <ClInclude Include="..\ThirdParty\glm\include\glm\gtc\reciprocal.hpp">
      <Filter>ThirdParty\glm\include\glm\gtc</Filter>
    </ClInclude>
    <ClInclude Include="..\ThirdParty\glm\include\glm\gtc\reciprocal.inl">
      <Filter>ThirdParty\glm\include\glm\gtc</Filter>
    </ClInclude>
    <ClInclude Include="..\ThirdParty\glm\include\glm\gtc\round.hpp">
      <Filter>ThirdParty\glm\include\glm\gtc</Filter>
    </ClInclude>
    <ClInclude Include="..\ThirdParty\glm\include\glm\gtc\round.inl">
      <Filter>ThirdParty\glm\include\glm\gtc</Filter>
    </ClInclude>
    <ClInclude Include="..\ThirdParty\glm\include\glm\gtc\type_aligned.hpp">
      <Filter>ThirdParty\glm\include\glm\gtc</Filter>
    </ClInclude>
    <ClInclude Include="..\ThirdParty\glm\include\glm\gtc\type_precision.hpp">
      <Filter>ThirdParty\glm\include\glm\gtc</Filter>
    </ClInclude>
    <ClInclude Include="..\ThirdParty\glm\include\glm\gtc\type_precision.inl">
      <Filter>ThirdParty\glm\include\glm\gtc</Filter>
    </ClInclude>
    <ClInclude Include="..\ThirdParty\glm\include\glm\gtc\type_ptr.hpp">
      <Filter>ThirdParty\glm\include\glm\gtc</Filter>
    </ClInclude>
    <ClInclude Include="..\ThirdParty\glm\include\glm\gtc\type_ptr.inl">
      <Filter>ThirdParty\glm\include\glm\gtc</Filter>
    </ClInclude>
    <ClInclude Include="..\ThirdParty\glm\include\glm\gtc\ulp.hpp">
      <Filter>ThirdParty\glm\include\glm\gtc</Filter>
    </ClInclude>
    <ClInclude Include="..\ThirdParty\glm\include\glm\gtc\ulp.inl">
      <Filter>ThirdParty\glm\include\glm\gtc</Filter>
    </ClInclude>
    <ClInclude Include="..\ThirdParty\glm\include\glm\gtc\vec1.hpp">
      <Filter>ThirdParty\glm\include\glm\gtc</Filter>
    </ClInclude>
    <ClInclude Include="..\ThirdParty\glm\include\glm\gtx\associated_min_max.hpp">
      <Filter>ThirdParty\glm\include\glm\gtx</Filter>
    </ClInclude>
    <ClInclude Include="..\ThirdParty\glm\include\glm\gtx\associated_min_max.inl">
      <Filter>ThirdParty\glm\include\glm\gtx</Filter>
    </ClInclude>
    <ClInclude Include="..\ThirdParty\glm\include\glm\gtx\bit.hpp">
      <Filter>ThirdParty\glm\include\glm\gtx</Filter>
    </ClInclude>
    <ClInclude Include="..\ThirdParty\glm\include\glm\gtx\bit.inl">
      <Filter>ThirdParty\glm\include\glm\gtx</Filter>
    </ClInclude>
    <ClInclude Include="..\ThirdParty\glm\include\glm\gtx\closest_point.hpp">
      <Filter>ThirdParty\glm\include\glm\gtx</Filter>
    </ClInclude>
    <ClInclude Include="..\ThirdParty\glm\include\glm\gtx\closest_point.inl">
      <Filter>ThirdParty\glm\include\glm\gtx</Filter>
    </ClInclude>
    <ClInclude Include="..\ThirdParty\glm\include\glm\gtx\color_encoding.hpp">
      <Filter>ThirdParty\glm\include\glm\gtx</Filter>
    </ClInclude>
    <ClInclude Include="..\ThirdParty\glm\include\glm\gtx\color_encoding.inl">
      <Filter>ThirdParty\glm\include\glm\gtx</Filter>
    </ClInclude>
    <ClInclude Include="..\ThirdParty\glm\include\glm\gtx\color_space.hpp">
      <Filter>ThirdParty\glm\include\glm\gtx</Filter>
    </ClInclude>
    <ClInclude Include="..\ThirdParty\glm\include\glm\gtx\color_space.inl">
      <Filter>ThirdParty\glm\include\glm\gtx</Filter>
    </ClInclude>
    <ClInclude Include="..\ThirdParty\glm\include\glm\gtx\color_space_YCoCg.hpp">
      <Filter>ThirdParty\glm\include\glm\gtx</Filter>
    </ClInclude>
    <ClInclude Include="..\ThirdParty\glm\include\glm\gtx\color_space_YCoCg.inl">
      <Filter>ThirdParty\glm\include\glm\gtx</Filter>
    </ClInclude>
    <ClInclude Include="..\ThirdParty\glm\include\glm\gtx\common.hpp">
      <Filter>ThirdParty\glm\include\glm\gtx</Filter>
    </ClInclude>
    <ClInclude Include="..\ThirdParty\glm\include\glm\gtx\common.inl">
      <Filter>ThirdParty\glm\include\glm\gtx</Filter>
    </ClInclude>
    <ClInclude Include="..\ThirdParty\glm\include\glm\gtx\compatibility.hpp">
      <Filter>ThirdParty\glm\include\glm\gtx</Filter>
    </ClInclude>
    <ClInclude Include="..\ThirdParty\glm\include\glm\gtx\compatibility.inl">
      <Filter>ThirdParty\glm\include\glm\gtx</Filter>
    </ClInclude>
    <ClInclude Include="..\ThirdParty\glm\include\glm\gtx\component_wise.hpp">
      <Filter>ThirdParty\glm\include\glm\gtx</Filter>
    </ClInclude>
    <ClInclude Include="..\ThirdParty\glm\include\glm\gtx\component_wise.inl">
      <Filter>ThirdParty\glm\include\glm\gtx</Filter>
    </ClInclude>
    <ClInclude Include="..\ThirdParty\glm\include\glm\gtx\dual_quaternion.hpp">
      <Filter>ThirdParty\glm\include\glm\gtx</Filter>
    </ClInclude>
    <ClInclude Include="..\ThirdParty\glm\include\glm\gtx\dual_quaternion.inl">
      <Filter>ThirdParty\glm\include\glm\gtx</Filter>
    </ClInclude>
    <ClInclude Include="..\ThirdParty\glm\include\glm\gtx\easing.hpp">
      <Filter>ThirdParty\glm\include\glm\gtx</Filter>
    </ClInclude>
    <ClInclude Include="..\ThirdParty\glm\include\glm\gtx\easing.inl">
      <Filter>ThirdParty\glm\include\glm\gtx</Filter>
    </ClInclude>
    <ClInclude Include="..\ThirdParty\glm\include\glm\gtx\euler_angles.hpp">
      <Filter>ThirdParty\glm\include\glm\gtx</Filter>
    </ClInclude>
    <ClInclude Include="..\ThirdParty\glm\include\glm\gtx\euler_angles.inl">
      <Filter>ThirdParty\glm\include\glm\gtx</Filter>
    </ClInclude>
    <ClInclude Include="..\ThirdParty\glm\include\glm\gtx\extend.hpp">
      <Filter>ThirdParty\glm\include\glm\gtx</Filter>
    </ClInclude>
    <ClInclude Include="..\ThirdParty\glm\include\glm\gtx\extend.inl">
      <Filter>ThirdParty\glm\include\glm\gtx</Filter>
    </ClInclude>
    <ClInclude Include="..\ThirdParty\glm\include\glm\gtx\extended_min_max.hpp">
      <Filter>ThirdParty\glm\include\glm\gtx</Filter>
    </ClInclude>
    <ClInclude Include="..\ThirdParty\glm\include\glm\gtx\extended_min_max.inl">
      <Filter>ThirdParty\glm\include\glm\gtx</Filter>
    </ClInclude>
    <ClInclude Include="..\ThirdParty\glm\include\glm\gtx\exterior_product.hpp">
      <Filter>ThirdParty\glm\include\glm\gtx</Filter>
    </ClInclude>
    <ClInclude Include="..\ThirdParty\glm\include\glm\gtx\exterior_product.inl">
      <Filter>ThirdParty\glm\include\glm\gtx</Filter>
    </ClInclude>
    <ClInclude Include="..\ThirdParty\glm\include\glm\gtx\fast_exponential.hpp">
      <Filter>ThirdParty\glm\include\glm\gtx</Filter>
    </ClInclude>
    <ClInclude Include="..\ThirdParty\glm\include\glm\gtx\fast_exponential.inl">
      <Filter>ThirdParty\glm\include\glm\gtx</Filter>
    </ClInclude>
    <ClInclude Include="..\ThirdParty\glm\include\glm\gtx\fast_square_root.hpp">
      <Filter>ThirdParty\glm\include\glm\gtx</Filter>
    </ClInclude>
    <ClInclude Include="..\ThirdParty\glm\include\glm\gtx\fast_square_root.inl">
      <Filter>ThirdParty\glm\include\glm\gtx</Filter>
    </ClInclude>
    <ClInclude Include="..\ThirdParty\glm\include\glm\gtx\fast_trigonometry.hpp">
      <Filter>ThirdParty\glm\include\glm\gtx</Filter>
    </ClInclude>
    <ClInclude Include="..\ThirdParty\glm\include\glm\gtx\fast_trigonometry.inl">
      <Filter>ThirdParty\glm\include\glm\gtx</Filter>
    </ClInclude>
    <ClInclude Include="..\ThirdParty\glm\include\glm\gtx\float_notmalize.inl">
      <Filter>ThirdParty\glm\include\glm\gtx</Filter>
    </ClInclude>
    <ClInclude Include="..\ThirdParty\glm\include\glm\gtx\functions.hpp">
      <Filter>ThirdParty\glm\include\glm\gtx</Filter>
    </ClInclude>
    <ClInclude Include="..\ThirdParty\glm\include\glm\gtx\functions.inl">
      <Filter>ThirdParty\glm\include\glm\gtx</Filter>
    </ClInclude>
    <ClInclude Include="..\ThirdParty\glm\include\glm\gtx\gradient_paint.hpp">
      <Filter>ThirdParty\glm\include\glm\gtx</Filter>
    </ClInclude>
    <ClInclude Include="..\ThirdParty\glm\include\glm\gtx\gradient_paint.inl">
      <Filter>ThirdParty\glm\include\glm\gtx</Filter>
    </ClInclude>
    <ClInclude Include="..\ThirdParty\glm\include\glm\gtx\handed_coordinate_space.hpp">
      <Filter>ThirdParty\glm\include\glm\gtx</Filter>
    </ClInclude>
    <ClInclude Include="..\ThirdParty\glm\include\glm\gtx\handed_coordinate_space.inl">
      <Filter>ThirdParty\glm\include\glm\gtx</Filter>
    </ClInclude>
    <ClInclude Include="..\ThirdParty\glm\include\glm\gtx\hash.hpp">
      <Filter>ThirdParty\glm\include\glm\gtx</Filter>
    </ClInclude>
    <ClInclude Include="..\ThirdParty\glm\include\glm\gtx\hash.inl">
      <Filter>ThirdParty\glm\include\glm\gtx</Filter>
    </ClInclude>
    <ClInclude Include="..\ThirdParty\glm\include\glm\gtx\integer.hpp">
      <Filter>ThirdParty\glm\include\glm\gtx</Filter>
    </ClInclude>
    <ClInclude Include="..\ThirdParty\glm\include\glm\gtx\integer.inl">
      <Filter>ThirdParty\glm\include\glm\gtx</Filter>
    </ClInclude>
    <ClInclude Include="..\ThirdParty\glm\include\glm\gtx\intersect.hpp">
      <Filter>ThirdParty\glm\include\glm\gtx</Filter>
    </ClInclude>
    <ClInclude Include="..\ThirdParty\glm\include\glm\gtx\intersect.inl">
      <Filter>ThirdParty\glm\include\glm\gtx</Filter>
    </ClInclude>
    <ClInclude Include="..\ThirdParty\glm\include\glm\gtx\io.hpp">
      <Filter>ThirdParty\glm\include\glm\gtx</Filter>
    </ClInclude>
    <ClInclude Include="..\ThirdParty\glm\include\glm\gtx\io.inl">
      <Filter>ThirdParty\glm\include\glm\gtx</Filter>
    </ClInclude>
    <ClInclude Include="..\ThirdParty\glm\include\glm\gtx\log_base.hpp">
      <Filter>ThirdParty\glm\include\glm\gtx</Filter>
    </ClInclude>
    <ClInclude Include="..\ThirdParty\glm\include\glm\gtx\log_base.inl">
      <Filter>ThirdParty\glm\include\glm\gtx</Filter>
    </ClInclude>
    <ClInclude Include="..\ThirdParty\glm\include\glm\gtx\matrix_cross_product.hpp">
      <Filter>ThirdParty\glm\include\glm\gtx</Filter>
    </ClInclude>
    <ClInclude Include="..\ThirdParty\glm\include\glm\gtx\matrix_cross_product.inl">
      <Filter>ThirdParty\glm\include\glm\gtx</Filter>
    </ClInclude>
    <ClInclude Include="..\ThirdParty\glm\include\glm\gtx\matrix_decompose.hpp">
      <Filter>ThirdParty\glm\include\glm\gtx</Filter>
    </ClInclude>
    <ClInclude Include="..\ThirdParty\glm\include\glm\gtx\matrix_decompose.inl">
      <Filter>ThirdParty\glm\include\glm\gtx</Filter>
    </ClInclude>
    <ClInclude Include="..\ThirdParty\glm\include\glm\gtx\matrix_factorisation.hpp">
      <Filter>ThirdParty\glm\include\glm\gtx</Filter>
    </ClInclude>
    <ClInclude Include="..\ThirdParty\glm\include\glm\gtx\matrix_factorisation.inl">
      <Filter>ThirdParty\glm\include\glm\gtx</Filter>
    </ClInclude>
    <ClInclude Include="..\ThirdParty\glm\include\glm\gtx\matrix_interpolation.hpp">
      <Filter>ThirdParty\glm\include\glm\gtx</Filter>
    </ClInclude>
    <ClInclude Include="..\ThirdParty\glm\include\glm\gtx\matrix_interpolation.inl">
      <Filter>ThirdParty\glm\include\glm\gtx</Filter>
    </ClInclude>
    <ClInclude Include="..\ThirdParty\glm\include\glm\gtx\matrix_major_storage.hpp">
      <Filter>ThirdParty\glm\include\glm\gtx</Filter>
    </ClInclude>
    <ClInclude Include="..\ThirdParty\glm\include\glm\gtx\matrix_major_storage.inl">
      <Filter>ThirdParty\glm\include\glm\gtx</Filter>
    </ClInclude>
    <ClInclude Include="..\ThirdParty\glm\include\glm\gtx\matrix_operation.hpp">
      <Filter>ThirdParty\glm\include\glm\gtx</Filter>
    </ClInclude>
    <ClInclude Include="..\ThirdParty\glm\include\glm\gtx\matrix_operation.inl">
      <Filter>ThirdParty\glm\include\glm\gtx</Filter>
    </ClInclude>
    <ClInclude Include="..\ThirdParty\glm\include\glm\gtx\matrix_query.hpp">
      <Filter>ThirdParty\glm\include\glm\gtx</Filter>
    </ClInclude>
    <ClInclude Include="..\ThirdParty\glm\include\glm\gtx\matrix_query.inl">
      <Filter>ThirdParty\glm\include\glm\gtx</Filter>
    </ClInclude>
    <ClInclude Include="..\ThirdParty\glm\include\glm\gtx\matrix_transform_2d.hpp">
      <Filter>ThirdParty\glm\include\glm\gtx</Filter>
    </ClInclude>
    <ClInclude Include="..\ThirdParty\glm\include\glm\gtx\matrix_transform_2d.inl">
      <Filter>ThirdParty\glm\include\glm\gtx</Filter>
    </ClInclude>
    <ClInclude Include="..\ThirdParty\glm\include\glm\gtx\mixed_product.hpp">
      <Filter>ThirdParty\glm\include\glm\gtx</Filter>
    </ClInclude>
    <ClInclude Include="..\ThirdParty\glm\include\glm\gtx\mixed_product.inl">
      <Filter>ThirdParty\glm\include\glm\gtx</Filter>
    </ClInclude>
    <ClInclude Include="..\ThirdParty\glm\include\glm\gtx\norm.hpp">
      <Filter>ThirdParty\glm\include\glm\gtx</Filter>
    </ClInclude>
    <ClInclude Include="..\ThirdParty\glm\include\glm\gtx\norm.inl">
      <Filter>ThirdParty\glm\include\glm\gtx</Filter>
    </ClInclude>
    <ClInclude Include="..\ThirdParty\glm\include\glm\gtx\normal.hpp">
      <Filter>ThirdParty\glm\include\glm\gtx</Filter>
    </ClInclude>
    <ClInclude Include="..\ThirdParty\glm\include\glm\gtx\normal.inl">
      <Filter>ThirdParty\glm\include\glm\gtx</Filter>
    </ClInclude>
    <ClInclude Include="..\ThirdParty\glm\include\glm\gtx\normalize_dot.hpp">
      <Filter>ThirdParty\glm\include\glm\gtx</Filter>
    </ClInclude>
    <ClInclude Include="..\ThirdParty\glm\include\glm\gtx\normalize_dot.inl">
      <Filter>ThirdParty\glm\include\glm\gtx</Filter>
    </ClInclude>
    <ClInclude Include="..\ThirdParty\glm\include\glm\gtx\number_precision.hpp">
      <Filter>ThirdParty\glm\include\glm\gtx</Filter>
    </ClInclude>
    <ClInclude Include="..\ThirdParty\glm\include\glm\gtx\number_precision.inl">
      <Filter>ThirdParty\glm\include\glm\gtx</Filter>
    </ClInclude>
    <ClInclude Include="..\ThirdParty\glm\include\glm\gtx\optimum_pow.hpp">
      <Filter>ThirdParty\glm\include\glm\gtx</Filter>
    </ClInclude>
    <ClInclude Include="..\ThirdParty\glm\include\glm\gtx\optimum_pow.inl">
      <Filter>ThirdParty\glm\include\glm\gtx</Filter>
    </ClInclude>
    <ClInclude Include="..\ThirdParty\glm\include\glm\gtx\orthonormalize.hpp">
      <Filter>ThirdParty\glm\include\glm\gtx</Filter>
    </ClInclude>
    <ClInclude Include="..\ThirdParty\glm\include\glm\gtx\orthonormalize.inl">
      <Filter>ThirdParty\glm\include\glm\gtx</Filter>
    </ClInclude>
    <ClInclude Include="..\ThirdParty\glm\include\glm\gtx\perpendicular.hpp">
      <Filter>ThirdParty\glm\include\glm\gtx</Filter>
    </ClInclude>
    <ClInclude Include="..\ThirdParty\glm\include\glm\gtx\perpendicular.inl">
      <Filter>ThirdParty\glm\include\glm\gtx</Filter>
    </ClInclude>
    <ClInclude Include="..\ThirdParty\glm\include\glm\gtx\polar_coordinates.hpp">
      <Filter>ThirdParty\glm\include\glm\gtx</Filter>
    </ClInclude>
    <ClInclude Include="..\ThirdParty\glm\include\glm\gtx\polar_coordinates.inl">
      <Filter>ThirdParty\glm\include\glm\gtx</Filter>
    </ClInclude>
    <ClInclude Include="..\ThirdParty\glm\include\glm\gtx\projection.hpp">
      <Filter>ThirdParty\glm\include\glm\gtx</Filter>
    </ClInclude>
    <ClInclude Include="..\ThirdParty\glm\include\glm\gtx\projection.inl">
      <Filter>ThirdParty\glm\include\glm\gtx</Filter>
    </ClInclude>
    <ClInclude Include="..\ThirdParty\glm\include\glm\gtx\quaternion.hpp">
      <Filter>ThirdParty\glm\include\glm\gtx</Filter>
    </ClInclude>
    <ClInclude Include="..\ThirdParty\glm\include\glm\gtx\quaternion.inl">
      <Filter>ThirdParty\glm\include\glm\gtx</Filter>
    </ClInclude>
    <ClInclude Include="..\ThirdParty\glm\include\glm\gtx\range.hpp">
      <Filter>ThirdParty\glm\include\glm\gtx</Filter>
    </ClInclude>
    <ClInclude Include="..\ThirdParty\glm\include\glm\gtx\raw_data.hpp">
      <Filter>ThirdParty\glm\include\glm\gtx</Filter>
    </ClInclude>
    <ClInclude Include="..\ThirdParty\glm\include\glm\gtx\raw_data.inl">
      <Filter>ThirdParty\glm\include\glm\gtx</Filter>
    </ClInclude>
    <ClInclude Include="..\ThirdParty\glm\include\glm\gtx\rotate_normalized_axis.hpp">
      <Filter>ThirdParty\glm\include\glm\gtx</Filter>
    </ClInclude>
    <ClInclude Include="..\ThirdParty\glm\include\glm\gtx\rotate_normalized_axis.inl">
      <Filter>ThirdParty\glm\include\glm\gtx</Filter>
    </ClInclude>
    <ClInclude Include="..\ThirdParty\glm\include\glm\gtx\rotate_vector.hpp">
      <Filter>ThirdParty\glm\include\glm\gtx</Filter>
    </ClInclude>
    <ClInclude Include="..\ThirdParty\glm\include\glm\gtx\rotate_vector.inl">
      <Filter>ThirdParty\glm\include\glm\gtx</Filter>
    </ClInclude>
    <ClInclude Include="..\ThirdParty\glm\include\glm\gtx\scalar_multiplication.hpp">
      <Filter>ThirdParty\glm\include\glm\gtx</Filter>
    </ClInclude>
    <ClInclude Include="..\ThirdParty\glm\include\glm\gtx\scalar_relational.hpp">
      <Filter>ThirdParty\glm\include\glm\gtx</Filter>
    </ClInclude>
    <ClInclude Include="..\ThirdParty\glm\include\glm\gtx\scalar_relational.inl">
      <Filter>ThirdParty\glm\include\glm\gtx</Filter>
    </ClInclude>
    <ClInclude Include="..\ThirdParty\glm\include\glm\gtx\spline.hpp">
      <Filter>ThirdParty\glm\include\glm\gtx</Filter>
    </ClInclude>
    <ClInclude Include="..\ThirdParty\glm\include\glm\gtx\spline.inl">
      <Filter>ThirdParty\glm\include\glm\gtx</Filter>
    </ClInclude>
    <ClInclude Include="..\ThirdParty\glm\include\glm\gtx\std_based_type.hpp">
      <Filter>ThirdParty\glm\include\glm\gtx</Filter>
    </ClInclude>
    <ClInclude Include="..\ThirdParty\glm\include\glm\gtx\std_based_type.inl">
      <Filter>ThirdParty\glm\include\glm\gtx</Filter>
    </ClInclude>
    <ClInclude Include="..\ThirdParty\glm\include\glm\gtx\string_cast.hpp">
      <Filter>ThirdParty\glm\include\glm\gtx</Filter>
    </ClInclude>
    <ClInclude Include="..\ThirdParty\glm\include\glm\gtx\string_cast.inl">
      <Filter>ThirdParty\glm\include\glm\gtx</Filter>
    </ClInclude>
    <ClInclude Include="..\ThirdParty\glm\include\glm\gtx\texture.hpp">
      <Filter>ThirdParty\glm\include\glm\gtx</Filter>
    </ClInclude>
    <ClInclude Include="..\ThirdParty\glm\include\glm\gtx\texture.inl">
      <Filter>ThirdParty\glm\include\glm\gtx</Filter>
    </ClInclude>
    <ClInclude Include="..\ThirdParty\glm\include\glm\gtx\transform.hpp">
      <Filter>ThirdParty\glm\include\glm\gtx</Filter>
    </ClInclude>
    <ClInclude Include="..\ThirdParty\glm\include\glm\gtx\transform.inl">
      <Filter>ThirdParty\glm\include\glm\gtx</Filter>
    </ClInclude>
    <ClInclude Include="..\ThirdParty\glm\include\glm\gtx\transform2.hpp">
      <Filter>ThirdParty\glm\include\glm\gtx</Filter>
    </ClInclude>
    <ClInclude Include="..\ThirdParty\glm\include\glm\gtx\transform2.inl">
      <Filter>ThirdParty\glm\include\glm\gtx</Filter>
    </ClInclude>
    <ClInclude Include="..\ThirdParty\glm\include\glm\gtx\type_aligned.hpp">
      <Filter>ThirdParty\glm\include\glm\gtx</Filter>
    </ClInclude>
    <ClInclude Include="..\ThirdParty\glm\include\glm\gtx\type_aligned.inl">
      <Filter>ThirdParty\glm\include\glm\gtx</Filter>
    </ClInclude>
    <ClInclude Include="..\ThirdParty\glm\include\glm\gtx\type_trait.hpp">
      <Filter>ThirdParty\glm\include\glm\gtx</Filter>
    </ClInclude>
    <ClInclude Include="..\ThirdParty\glm\include\glm\gtx\type_trait.inl">
      <Filter>ThirdParty\glm\include\glm\gtx</Filter>
    </ClInclude>
    <ClInclude Include="..\ThirdParty\glm\include\glm\gtx\vec_swizzle.hpp">
      <Filter>ThirdParty\glm\include\glm\gtx</Filter>
    </ClInclude>
    <ClInclude Include="..\ThirdParty\glm\include\glm\gtx\vector_angle.hpp">
      <Filter>ThirdParty\glm\include\glm\gtx</Filter>
    </ClInclude>
    <ClInclude Include="..\ThirdParty\glm\include\glm\gtx\vector_angle.inl">
      <Filter>ThirdParty\glm\include\glm\gtx</Filter>
    </ClInclude>
    <ClInclude Include="..\ThirdParty\glm\include\glm\gtx\vector_query.hpp">
      <Filter>ThirdParty\glm\include\glm\gtx</Filter>
    </ClInclude>
    <ClInclude Include="..\ThirdParty\glm\include\glm\gtx\vector_query.inl">
      <Filter>ThirdParty\glm\include\glm\gtx</Filter>
    </ClInclude>
    <ClInclude Include="..\ThirdParty\glm\include\glm\gtx\wrap.hpp">
      <Filter>ThirdParty\glm\include\glm\gtx</Filter>
    </ClInclude>
    <ClInclude Include="..\ThirdParty\glm\include\glm\gtx\wrap.inl">
      <Filter>ThirdParty\glm\include\glm\gtx</Filter>
    </ClInclude>
    <ClInclude Include="..\ThirdParty\glm\include\glm\integer.hpp">
      <Filter>ThirdParty\glm\include\glm</Filter>
    </ClInclude>
    <ClInclude Include="..\ThirdParty\glm\include\glm\mat2x2.hpp">
      <Filter>ThirdParty\glm\include\glm</Filter>
    </ClInclude>
    <ClInclude Include="..\ThirdParty\glm\include\glm\mat2x3.hpp">
      <Filter>ThirdParty\glm\include\glm</Filter>
    </ClInclude>
    <ClInclude Include="..\ThirdParty\glm\include\glm\mat2x4.hpp">
      <Filter>ThirdParty\glm\include\glm</Filter>
    </ClInclude>
    <ClInclude Include="..\ThirdParty\glm\include\glm\mat3x2.hpp">
      <Filter>ThirdParty\glm\include\glm</Filter>
    </ClInclude>
    <ClInclude Include="..\ThirdParty\glm\include\glm\mat3x3.hpp">
      <Filter>ThirdParty\glm\include\glm</Filter>
    </ClInclude>
    <ClInclude Include="..\ThirdParty\glm\include\glm\mat3x4.hpp">
      <Filter>ThirdParty\glm\include\glm</Filter>
    </ClInclude>
    <ClInclude Include="..\ThirdParty\glm\include\glm\mat4x2.hpp">
      <Filter>ThirdParty\glm\include\glm</Filter>
    </ClInclude>
    <ClInclude Include="..\ThirdParty\glm\include\glm\mat4x3.hpp">
      <Filter>ThirdParty\glm\include\glm</Filter>
    </ClInclude>
    <ClInclude Include="..\ThirdParty\glm\include\glm\mat4x4.hpp">
      <Filter>ThirdParty\glm\include\glm</Filter>
    </ClInclude>
    <ClInclude Include="..\ThirdParty\glm\include\glm\matrix.hpp">
      <Filter>ThirdParty\glm\include\glm</Filter>
    </ClInclude>
    <ClInclude Include="..\ThirdParty\glm\include\glm\packing.hpp">
      <Filter>ThirdParty\glm\include\glm</Filter>
    </ClInclude>
    <ClInclude Include="..\ThirdParty\glm\include\glm\trigonometric.hpp">
      <Filter>ThirdParty\glm\include\glm</Filter>
    </ClInclude>
    <ClInclude Include="..\ThirdParty\glm\include\glm\vec2.hpp">
      <Filter>ThirdParty\glm\include\glm</Filter>
    </ClInclude>
    <ClInclude Include="..\ThirdParty\glm\include\glm\vec3.hpp">
      <Filter>ThirdParty\glm\include\glm</Filter>
    </ClInclude>
    <ClInclude Include="..\ThirdParty\glm\include\glm\vec4.hpp">
      <Filter>ThirdParty\glm\include\glm</Filter>
    </ClInclude>
    <ClInclude Include="..\ThirdParty\glm\include\glm\vector_relational.hpp">
      <Filter>ThirdParty\glm\include\glm</Filter>
    </ClInclude>
    <ClInclude Include="EnginePCH.h" />
    <ClInclude Include="..\ThirdParty\glfw\include\GLFW\glfw3.h">
      <Filter>ThirdParty\glfw</Filter>
    </ClInclude>
    <ClInclude Include="..\ThirdParty\glfw\include\GLFW\glfw3native.h">
      <Filter>ThirdParty\glfw</Filter>
    </ClInclude>
    <ClInclude Include="OpenGLShader.h">
      <Filter>Engine Platform\Shader\OpenGL</Filter>
    </ClInclude>
    <ClInclude Include="Engine.h" />
    <ClInclude Include="Renderer.h">
      <Filter>Engine Platform\Renderer</Filter>
    </ClInclude>
    <ClInclude Include="Types.h">
      <Filter>Tools</Filter>
    </ClInclude>
    <ClInclude Include="RenderEngineBase.h">
      <Filter>Engine Platform\Renderer\RenderEngines</Filter>
    </ClInclude>
    <ClInclude Include="OpenGLRenderEngine.h">
      <Filter>Engine Platform\Renderer\RenderEngines\OpenGL</Filter>
    </ClInclude>
    <ClInclude Include="SafeDelete.h">
      <Filter>Tools</Filter>
    </ClInclude>
    <ClInclude Include="ShaderManager.h">
      <Filter>Engine Platform\Shader</Filter>
    </ClInclude>
    <ClInclude Include="FileManager.h">
      <Filter>File</Filter>
    </ClInclude>
    <ClInclude Include="Shader.h">
      <Filter>Engine Platform\Shader</Filter>
    </ClInclude>
    <ClInclude Include="ShaderDef.h">
      <Filter>Engine Platform\Shader</Filter>
    </ClInclude>
    <ClInclude Include="Default2DShader.h">
      <Filter>Engine Platform\Shader\ShaderDefs</Filter>
    </ClInclude>
    <ClInclude Include="Camera2D.h">
      <Filter>Camera</Filter>
    </ClInclude>
    <ClInclude Include="Triangle.h">
      <Filter>Geometry</Filter>
    </ClInclude>
    <ClInclude Include="Object.h">
      <Filter>Geometry</Filter>
    </ClInclude>
    <ClInclude Include="Line.h">
      <Filter>Geometry</Filter>
    </ClInclude>
    <ClInclude Include="Square.h">
      <Filter>Geometry</Filter>
    </ClInclude>
    <ClInclude Include="FastNoise.h">
      <Filter>Tools</Filter>
    </ClInclude>
    <ClInclude Include="standards.h">
      <Filter>Tools</Filter>
    </ClInclude>
    <ClInclude Include="State.h">
      <Filter>States</Filter>
    </ClInclude>
    <ClInclude Include="StateMachine.h">
      <Filter>States</Filter>
    </ClInclude>
    <ClInclude Include="System.h">
      <Filter>Systems\Base</Filter>
    </ClInclude>
    <ClInclude Include="SystemManager.h">
      <Filter>Systems\Base</Filter>
    </ClInclude>
    <ClInclude Include="EventManager.h">
      <Filter>Events</Filter>
    </ClInclude>
    <ClInclude Include="EventHandler.h">
      <Filter>Events\EventHandler</Filter>
    </ClInclude>
    <ClInclude Include="Event.h">
      <Filter>Events\EventHandler</Filter>
    </ClInclude>
    <ClInclude Include="Input.h">
      <Filter>Engine Platform\Input</Filter>
    </ClInclude>
    <ClInclude Include="InputPlatform.h">
      <Filter>Engine Platform\Input\Platform</Filter>
    </ClInclude>
    <ClInclude Include="InputWindows.h">
      <Filter>Engine Platform\Input\Platform\Windows</Filter>
    </ClInclude>
    <ClInclude Include="InputGLFW.h">
      <Filter>Engine Platform\Input\Platform\GLFW</Filter>
    </ClInclude>
    <ClInclude Include="ContextWindows.h">
      <Filter>Engine Platform\Context\Platform\Windows</Filter>
    </ClInclude>
    <ClInclude Include="ContextGLFW.h">
      <Filter>Engine Platform\Context\Platform\GLFW</Filter>
    </ClInclude>
    <ClInclude Include="Context.h">
      <Filter>Engine Platform\Context</Filter>
    </ClInclude>
    <ClInclude Include="ContextPlatform.h">
      <Filter>Engine Platform\Context\Platform</Filter>
    </ClInclude>
    <ClInclude Include="Layer.h">
      <Filter>Engine Platform\Layer</Filter>
    </ClInclude>
    <ClInclude Include="Font.h">
      <Filter>Engine Platform\Font</Filter>
    </ClInclude>
    <ClInclude Include="FontPlatform.h">
      <Filter>Engine Platform\Font\Renderer</Filter>
    </ClInclude>
    <ClInclude Include="OpenGLFont.h">
      <Filter>Engine Platform\Font\Renderer\OpenGL</Filter>
    </ClInclude>
    <ClInclude Include="Component.h">
      <Filter>Components</Filter>
    </ClInclude>
    <ClInclude Include="Text.h">
      <Filter>Components\UI</Filter>
    </ClInclude>
    <ClInclude Include="TextureQuad.h">
      <Filter>Geometry</Filter>
    </ClInclude>
    <ClInclude Include="Sprite.h">
      <Filter>Components\Sprite</Filter>
    </ClInclude>
    <ClInclude Include="BatchRenderer.h">
      <Filter>Batch</Filter>
    </ClInclude>
    <ClInclude Include="Map.h">
      <Filter>World</Filter>
    </ClInclude>
    <ClInclude Include="GUI.h">
      <Filter>Engine Platform\GUI</Filter>
    </ClInclude>
    <ClInclude Include="GUIPlatform.h">
      <Filter>Engine Platform\GUI\Renderer</Filter>
    </ClInclude>
    <ClInclude Include="OpenGLGUIPlatform.h">
      <Filter>Engine Platform\GUI\Renderer\OpenGL</Filter>
    </ClInclude>
    <ClInclude Include="..\ThirdParty\ImGui\imconfig.h">
      <Filter>ThirdParty\ImGUI</Filter>
    </ClInclude>
    <ClInclude Include="..\ThirdParty\ImGui\imgui.h">
      <Filter>ThirdParty\ImGUI</Filter>
    </ClInclude>
    <ClInclude Include="..\ThirdParty\ImGui\imgui_internal.h">
      <Filter>ThirdParty\ImGUI</Filter>
    </ClInclude>
    <ClInclude Include="..\ThirdParty\ImGui\imstb_rectpack.h">
      <Filter>ThirdParty\ImGUI</Filter>
    </ClInclude>
    <ClInclude Include="..\ThirdParty\ImGui\imstb_textedit.h">
      <Filter>ThirdParty\ImGUI</Filter>
    </ClInclude>
    <ClInclude Include="..\ThirdParty\ImGui\imstb_truetype.h">
      <Filter>ThirdParty\ImGUI</Filter>
    </ClInclude>
    <ClInclude Include="imgui_impl_opengl3.h">
      <Filter>Engine Platform\GUI\Renderer\OpenGL</Filter>
    </ClInclude>
    <ClInclude Include="Texture.h">
      <Filter>Textures</Filter>
    </ClInclude>
    <ClInclude Include="lodepng.h">
      <Filter>Textures</Filter>
    </ClInclude>
    <ClInclude Include="StaticBatchRenderer.h">
      <Filter>Batch</Filter>
    </ClInclude>
    <ClInclude Include="Sound.h">
      <Filter>Components\Sound</Filter>
    </ClInclude>
    <ClInclude Include="Location.h">
      <Filter>Components\Location</Filter>
    </ClInclude>
    <ClInclude Include="Brain.h">
      <Filter>Components\AI</Filter>
    </ClInclude>
    <ClInclude Include="Behaviour.h">
      <Filter>Components\AI</Filter>
    </ClInclude>
    <ClInclude Include="EntityManager.h">
      <Filter>Entity</Filter>
    </ClInclude>
    <ClInclude Include="SoundSystem.h">
      <Filter>Systems\Sound</Filter>
    </ClInclude>
    <ClInclude Include="AISystem.h">
      <Filter>Systems\AI</Filter>
    </ClInclude>
    <ClInclude Include="SpriteSystem.h">
      <Filter>Systems\Sprite</Filter>
    </ClInclude>
    <ClInclude Include="PositionSystem.h">
      <Filter>Systems\Position</Filter>
    </ClInclude>
    <ClInclude Include="Camera.h">
      <Filter>Components\Camera</Filter>
    </ClInclude>
    <ClInclude Include="CameraSystem.h">
      <Filter>Systems\Camera</Filter>
    </ClInclude>
    <ClInclude Include="World.h">
      <Filter>World</Filter>
    </ClInclude>
    <ClInclude Include="cIni.h">
      <Filter>File</Filter>
    </ClInclude>
    <ClInclude Include="cErrorLogger.h">
      <Filter>File</Filter>
    </ClInclude>
    <ClInclude Include="Entity.h">
      <Filter>Entity\Base</Filter>
    </ClInclude>
    <ClInclude Include="Actor.h">
      <Filter>Entity\Actor</Filter>
    </ClInclude>
    <ClInclude Include="ANPC.h">
      <Filter>Entity\NPC</Filter>
    </ClInclude>
    <ClInclude Include="Collision.h">
      <Filter>Components\Collision</Filter>
    </ClInclude>
    <ClInclude Include="CollisionSystem.h">
      <Filter>Systems\Collision</Filter>
    </ClInclude>
  </ItemGroup>
  <ItemGroup>
    <ClCompile Include="EnginePCH.cpp" />
    <ClCompile Include="OpenGLShader.cpp">
      <Filter>Engine Platform\Shader\OpenGL</Filter>
    </ClCompile>
    <ClCompile Include="Engine.cpp" />
    <ClCompile Include="Renderer.cpp">
      <Filter>Engine Platform\Renderer</Filter>
    </ClCompile>
    <ClCompile Include="RenderEngineBase.cpp">
      <Filter>Engine Platform\Renderer\RenderEngines</Filter>
    </ClCompile>
    <ClCompile Include="OpenGLRenderEngine.cpp">
      <Filter>Engine Platform\Renderer\RenderEngines\OpenGL</Filter>
    </ClCompile>
    <ClCompile Include="ShaderManager.cpp">
      <Filter>Engine Platform\Shader</Filter>
    </ClCompile>
    <ClCompile Include="FileManager.cpp">
      <Filter>File</Filter>
    </ClCompile>
    <ClCompile Include="Shader.cpp">
      <Filter>Engine Platform\Shader</Filter>
    </ClCompile>
    <ClCompile Include="ShaderDef.cpp">
      <Filter>Engine Platform\Shader</Filter>
    </ClCompile>
    <ClCompile Include="Default2DShader.cpp">
      <Filter>Engine Platform\Shader\ShaderDefs</Filter>
    </ClCompile>
    <ClCompile Include="Camera2D.cpp">
      <Filter>Camera</Filter>
    </ClCompile>
    <ClCompile Include="Triangle.cpp">
      <Filter>Geometry</Filter>
    </ClCompile>
    <ClCompile Include="Object.cpp">
      <Filter>Geometry</Filter>
    </ClCompile>
    <ClCompile Include="Line.cpp">
      <Filter>Geometry</Filter>
    </ClCompile>
    <ClCompile Include="Square.cpp">
      <Filter>Geometry</Filter>
    </ClCompile>
    <ClCompile Include="FastNoise.cpp">
      <Filter>Tools</Filter>
    </ClCompile>
    <ClCompile Include="standards.cpp">
      <Filter>Tools</Filter>
    </ClCompile>
    <ClCompile Include="State.cpp">
      <Filter>States</Filter>
    </ClCompile>
    <ClCompile Include="StateMachine.cpp">
      <Filter>States</Filter>
    </ClCompile>
    <ClCompile Include="System.cpp">
      <Filter>Systems\Base</Filter>
    </ClCompile>
    <ClCompile Include="SystemManager.cpp">
      <Filter>Systems\Base</Filter>
    </ClCompile>
    <ClCompile Include="EventManager.cpp">
      <Filter>Events</Filter>
    </ClCompile>
    <ClCompile Include="EventHandler.cpp">
      <Filter>Events\EventHandler</Filter>
    </ClCompile>
    <ClCompile Include="Event.cpp">
      <Filter>Events\EventHandler</Filter>
    </ClCompile>
    <ClCompile Include="Input.cpp">
      <Filter>Engine Platform\Input</Filter>
    </ClCompile>
    <ClCompile Include="InputPlatform.cpp">
      <Filter>Engine Platform\Input\Platform</Filter>
    </ClCompile>
    <ClCompile Include="InputWindows.cpp">
      <Filter>Engine Platform\Input\Platform\Windows</Filter>
    </ClCompile>
    <ClCompile Include="InputGLFW.cpp">
      <Filter>Engine Platform\Input\Platform\GLFW</Filter>
    </ClCompile>
    <ClCompile Include="ContextWindows.cpp">
      <Filter>Engine Platform\Context\Platform\Windows</Filter>
    </ClCompile>
    <ClCompile Include="ContextGLFW.cpp">
      <Filter>Engine Platform\Context\Platform\GLFW</Filter>
    </ClCompile>
    <ClCompile Include="ContextPlatform.cpp">
      <Filter>Engine Platform\Context\Platform</Filter>
    </ClCompile>
    <ClCompile Include="Context.cpp">
      <Filter>Engine Platform\Context</Filter>
    </ClCompile>
    <ClCompile Include="Layer.cpp">
      <Filter>Engine Platform\Layer</Filter>
    </ClCompile>
    <ClCompile Include="Font.cpp">
      <Filter>Engine Platform\Font</Filter>
    </ClCompile>
    <ClCompile Include="FontPlatform.cpp">
      <Filter>Engine Platform\Font\Renderer</Filter>
    </ClCompile>
    <ClCompile Include="OpenGLFont.cpp">
      <Filter>Engine Platform\Font\Renderer\OpenGL</Filter>
    </ClCompile>
    <ClCompile Include="Component.cpp">
      <Filter>Components</Filter>
    </ClCompile>
    <ClCompile Include="Text.cpp">
      <Filter>Components\UI</Filter>
    </ClCompile>
    <ClCompile Include="TextureQuad.cpp">
      <Filter>Geometry</Filter>
    </ClCompile>
    <ClCompile Include="Sprite.cpp">
      <Filter>Components\Sprite</Filter>
    </ClCompile>
    <ClCompile Include="BatchRenderer.cpp">
      <Filter>Batch</Filter>
    </ClCompile>
    <ClCompile Include="Map.cpp">
      <Filter>World</Filter>
    </ClCompile>
    <ClCompile Include="GUI.cpp">
      <Filter>Engine Platform\GUI</Filter>
    </ClCompile>
    <ClCompile Include="GUIPlatform.cpp">
      <Filter>Engine Platform\GUI\Renderer</Filter>
    </ClCompile>
    <ClCompile Include="OpenGLGUIPlatform.cpp">
      <Filter>Engine Platform\GUI\Renderer\OpenGL</Filter>
    </ClCompile>
    <ClCompile Include="imgui_impl_opengl3.cpp">
      <Filter>Engine Platform\GUI\Renderer\OpenGL</Filter>
    </ClCompile>
    <ClCompile Include="lodepng.cpp">
      <Filter>Textures</Filter>
    </ClCompile>
    <ClCompile Include="Texture.cpp">
      <Filter>Textures</Filter>
    </ClCompile>
    <ClCompile Include="StaticBatchRenderer.cpp">
      <Filter>Batch</Filter>
    </ClCompile>
    <ClCompile Include="Sound.cpp">
      <Filter>Components\Sound</Filter>
    </ClCompile>
    <ClCompile Include="Location.cpp">
      <Filter>Components\Location</Filter>
    </ClCompile>
    <ClCompile Include="Brain.cpp">
      <Filter>Components\AI</Filter>
    </ClCompile>
    <ClCompile Include="Behaviour.cpp">
      <Filter>Components\AI</Filter>
    </ClCompile>
    <ClCompile Include="EntityManager.cpp">
      <Filter>Entity</Filter>
    </ClCompile>
    <ClCompile Include="SoundSystem.cpp">
      <Filter>Systems\Sound</Filter>
    </ClCompile>
    <ClCompile Include="AISystem.cpp">
      <Filter>Systems\AI</Filter>
    </ClCompile>
    <ClCompile Include="SpriteSystem.cpp">
      <Filter>Systems\Sprite</Filter>
    </ClCompile>
    <ClCompile Include="PositionSystem.cpp">
      <Filter>Systems\Position</Filter>
    </ClCompile>
    <ClCompile Include="Camera.cpp">
      <Filter>Components\Camera</Filter>
    </ClCompile>
    <ClCompile Include="CameraSystem.cpp">
      <Filter>Systems\Camera</Filter>
    </ClCompile>
    <ClCompile Include="World.cpp">
      <Filter>World</Filter>
    </ClCompile>
    <ClCompile Include="cIni.cpp">
      <Filter>File</Filter>
    </ClCompile>
    <ClCompile Include="cErrorLogger.cpp">
      <Filter>File</Filter>
    </ClCompile>
    <ClCompile Include="Entity.cpp">
      <Filter>Entity\Base</Filter>
    </ClCompile>
    <ClCompile Include="Actor.cpp">
      <Filter>Entity\Actor</Filter>
    </ClCompile>
    <ClCompile Include="ANPC.cpp">
      <Filter>Entity\NPC</Filter>
    </ClCompile>
    <ClCompile Include="Collision.cpp">
      <Filter>Components\Collision</Filter>
    </ClCompile>
    <ClCompile Include="CollisionSystem.cpp">
      <Filter>Systems\Collision</Filter>
    </ClCompile>
  </ItemGroup>
</Project>