<?xml version="1.0" encoding="utf-8"?>
<Project ToolsVersion="4.0" xmlns="http://schemas.microsoft.com/developer/msbuild/2003">
  <ItemGroup>
    <Filter Include="ThirdParty">
      <UniqueIdentifier>{3cd62ad1-bb13-4f99-8e98-1beb8cc598df}</UniqueIdentifier>
    </Filter>
    <Filter Include="ThirdParty\ImGui">
      <UniqueIdentifier>{C0FF640D-2C14-8DBE-F595-301E616989EF}</UniqueIdentifier>
    </Filter>
    <Filter Include="ThirdParty\glm">
      <UniqueIdentifier>{6577880B-D180-887C-5AFC-9E7CC604947C}</UniqueIdentifier>
    </Filter>
    <Filter Include="ThirdParty\glm\include">
      <UniqueIdentifier>{D833B5DB-44E9-2DD1-CDDD-27A8399224D5}</UniqueIdentifier>
    </Filter>
    <Filter Include="ThirdParty\glm\include\glm">
      <UniqueIdentifier>{27EA7658-9375-E41C-9C86-67110891401D}</UniqueIdentifier>
    </Filter>
    <Filter Include="ThirdParty\glm\include\glm\detail">
      <UniqueIdentifier>{0910EDB4-F509-1607-DE76-AC17CA0F7C73}</UniqueIdentifier>
    </Filter>
    <Filter Include="ThirdParty\glm\include\glm\ext">
      <UniqueIdentifier>{0729B930-738A-963E-FCF7-DCF06858CDFD}</UniqueIdentifier>
    </Filter>
    <Filter Include="ThirdParty\glm\include\glm\gtc">
      <UniqueIdentifier>{F430B930-6092-963E-E9FF-DCF05560CDFD}</UniqueIdentifier>
    </Filter>
    <Filter Include="ThirdParty\glm\include\glm\gtx">
      <UniqueIdentifier>{0931B930-7592-963E-FEFF-DCF06A60CDFD}</UniqueIdentifier>
    </Filter>
    <Filter Include="ThirdParty\glfw">
      <UniqueIdentifier>{9563977C-819A-980D-2A87-7E10169D140F}</UniqueIdentifier>
    </Filter>
    <Filter Include="ThirdParty\glfw\include">
      <UniqueIdentifier>{0850450A-F4B2-D4AE-9D38-0D65897AA031}</UniqueIdentifier>
    </Filter>
    <Filter Include="ThirdParty\glfw\include\GLFW">
      <UniqueIdentifier>{47503BF0-B366-3986-FCDD-C4A768330A0E}</UniqueIdentifier>
    </Filter>
    <Filter Include="ThirdParty\glew">
      <UniqueIdentifier>{7463977C-609A-980D-0987-7E10F59C140F}</UniqueIdentifier>
    </Filter>
    <Filter Include="ThirdParty\glew\include">
      <UniqueIdentifier>{E7BE3A06-D321-CAAA-7CA7-026168E9952D}</UniqueIdentifier>
    </Filter>
    <Filter Include="ThirdParty\glew\include\GL">
      <UniqueIdentifier>{E97AA97C-5506-1741-5E17-9A35CA217341}</UniqueIdentifier>
    </Filter>
    <Filter Include="Tools">
      <UniqueIdentifier>{27429825-6fa1-4d00-8ec7-d6605650a23a}</UniqueIdentifier>
    </Filter>
    <Filter Include="State">
      <UniqueIdentifier>{e66a1045-ed12-425b-93ad-95bb4795af5c}</UniqueIdentifier>
    </Filter>
    <Filter Include="Tools\Base">
      <UniqueIdentifier>{23d37b68-96cb-4b49-9c7b-f44fae6ae17d}</UniqueIdentifier>
    </Filter>
    <Filter Include="Tools\DemoTool">
      <UniqueIdentifier>{37aa72ec-d004-4b1e-826c-293c360be697}</UniqueIdentifier>
    </Filter>
    <Filter Include="Tools\TestTool">
      <UniqueIdentifier>{a5a19ea5-39de-4467-9bf8-1963010179aa}</UniqueIdentifier>
    </Filter>
    <Filter Include="Tools\Menu">
      <UniqueIdentifier>{63a4188b-72de-4827-8de6-e8a7a714d9e0}</UniqueIdentifier>
    </Filter>
    <Filter Include="Tools\EntityManager">
      <UniqueIdentifier>{71b7e5e3-d18a-42a9-9588-ef586bbedfe7}</UniqueIdentifier>
    </Filter>
    <Filter Include="Tools\Resources">
      <UniqueIdentifier>{fa66e206-f40a-41d9-86d3-980756bf593c}</UniqueIdentifier>
    </Filter>
    <Filter Include="Tools\Debug">
      <UniqueIdentifier>{f18fa5d8-5673-4e55-bedb-180fe3605c64}</UniqueIdentifier>
    </Filter>
  </ItemGroup>
  <ItemGroup>
    <ClInclude Include="..\ThirdParty\ImGui\imconfig.h">
      <Filter>ThirdParty\ImGui</Filter>
    </ClInclude>
    <ClInclude Include="..\ThirdParty\ImGui\imgui.h">
      <Filter>ThirdParty\ImGui</Filter>
    </ClInclude>
    <ClInclude Include="..\ThirdParty\ImGui\imgui_internal.h">
      <Filter>ThirdParty\ImGui</Filter>
    </ClInclude>
    <ClInclude Include="..\ThirdParty\ImGui\imstb_rectpack.h">
      <Filter>ThirdParty\ImGui</Filter>
    </ClInclude>
    <ClInclude Include="..\ThirdParty\ImGui\imstb_textedit.h">
      <Filter>ThirdParty\ImGui</Filter>
    </ClInclude>
    <ClInclude Include="..\ThirdParty\ImGui\imstb_truetype.h">
      <Filter>ThirdParty\ImGui</Filter>
    </ClInclude>
    <ClInclude Include="..\ThirdParty\glew\include\GL\eglew.h">
      <Filter>ThirdParty\glew\include\GL</Filter>
    </ClInclude>
    <ClInclude Include="..\ThirdParty\glew\include\GL\glew.h">
      <Filter>ThirdParty\glew\include\GL</Filter>
    </ClInclude>
    <ClInclude Include="..\ThirdParty\glew\include\GL\glxew.h">
      <Filter>ThirdParty\glew\include\GL</Filter>
    </ClInclude>
    <ClInclude Include="..\ThirdParty\glew\include\GL\wglew.h">
      <Filter>ThirdParty\glew\include\GL</Filter>
    </ClInclude>
    <ClInclude Include="..\ThirdParty\glfw\include\GLFW\glfw3.h">
      <Filter>ThirdParty\glfw\include\GLFW</Filter>
    </ClInclude>
    <ClInclude Include="..\ThirdParty\glfw\include\GLFW\glfw3native.h">
      <Filter>ThirdParty\glfw\include\GLFW</Filter>
    </ClInclude>
    <ClInclude Include="..\ThirdParty\glm\include\glm\common.hpp">
      <Filter>ThirdParty\glm\include\glm</Filter>
    </ClInclude>
    <ClInclude Include="..\ThirdParty\glm\include\glm\detail\_features.hpp">
      <Filter>ThirdParty\glm\include\glm\detail</Filter>
    </ClInclude>
    <ClInclude Include="..\ThirdParty\glm\include\glm\detail\_fixes.hpp">
      <Filter>ThirdParty\glm\include\glm\detail</Filter>
    </ClInclude>
    <ClInclude Include="..\ThirdParty\glm\include\glm\detail\_noise.hpp">
      <Filter>ThirdParty\glm\include\glm\detail</Filter>
    </ClInclude>
    <ClInclude Include="..\ThirdParty\glm\include\glm\detail\_swizzle.hpp">
      <Filter>ThirdParty\glm\include\glm\detail</Filter>
    </ClInclude>
    <ClInclude Include="..\ThirdParty\glm\include\glm\detail\_swizzle_func.hpp">
      <Filter>ThirdParty\glm\include\glm\detail</Filter>
    </ClInclude>
    <ClInclude Include="..\ThirdParty\glm\include\glm\detail\_vectorize.hpp">
      <Filter>ThirdParty\glm\include\glm\detail</Filter>
    </ClInclude>
    <ClInclude Include="..\ThirdParty\glm\include\glm\detail\compute_common.hpp">
      <Filter>ThirdParty\glm\include\glm\detail</Filter>
    </ClInclude>
    <ClInclude Include="..\ThirdParty\glm\include\glm\detail\compute_vector_relational.hpp">
      <Filter>ThirdParty\glm\include\glm\detail</Filter>
    </ClInclude>
    <ClInclude Include="..\ThirdParty\glm\include\glm\detail\func_common.inl">
      <Filter>ThirdParty\glm\include\glm\detail</Filter>
    </ClInclude>
    <ClInclude Include="..\ThirdParty\glm\include\glm\detail\func_common_simd.inl">
      <Filter>ThirdParty\glm\include\glm\detail</Filter>
    </ClInclude>
    <ClInclude Include="..\ThirdParty\glm\include\glm\detail\func_exponential.inl">
      <Filter>ThirdParty\glm\include\glm\detail</Filter>
    </ClInclude>
    <ClInclude Include="..\ThirdParty\glm\include\glm\detail\func_exponential_simd.inl">
      <Filter>ThirdParty\glm\include\glm\detail</Filter>
    </ClInclude>
    <ClInclude Include="..\ThirdParty\glm\include\glm\detail\func_geometric.inl">
      <Filter>ThirdParty\glm\include\glm\detail</Filter>
    </ClInclude>
    <ClInclude Include="..\ThirdParty\glm\include\glm\detail\func_geometric_simd.inl">
      <Filter>ThirdParty\glm\include\glm\detail</Filter>
    </ClInclude>
    <ClInclude Include="..\ThirdParty\glm\include\glm\detail\func_integer.inl">
      <Filter>ThirdParty\glm\include\glm\detail</Filter>
    </ClInclude>
    <ClInclude Include="..\ThirdParty\glm\include\glm\detail\func_integer_simd.inl">
      <Filter>ThirdParty\glm\include\glm\detail</Filter>
    </ClInclude>
    <ClInclude Include="..\ThirdParty\glm\include\glm\detail\func_matrix.inl">
      <Filter>ThirdParty\glm\include\glm\detail</Filter>
    </ClInclude>
    <ClInclude Include="..\ThirdParty\glm\include\glm\detail\func_matrix_simd.inl">
      <Filter>ThirdParty\glm\include\glm\detail</Filter>
    </ClInclude>
    <ClInclude Include="..\ThirdParty\glm\include\glm\detail\func_packing.inl">
      <Filter>ThirdParty\glm\include\glm\detail</Filter>
    </ClInclude>
    <ClInclude Include="..\ThirdParty\glm\include\glm\detail\func_packing_simd.inl">
      <Filter>ThirdParty\glm\include\glm\detail</Filter>
    </ClInclude>
    <ClInclude Include="..\ThirdParty\glm\include\glm\detail\func_trigonometric.inl">
      <Filter>ThirdParty\glm\include\glm\detail</Filter>
    </ClInclude>
    <ClInclude Include="..\ThirdParty\glm\include\glm\detail\func_trigonometric_simd.inl">
      <Filter>ThirdParty\glm\include\glm\detail</Filter>
    </ClInclude>
    <ClInclude Include="..\ThirdParty\glm\include\glm\detail\func_vector_relational.inl">
      <Filter>ThirdParty\glm\include\glm\detail</Filter>
    </ClInclude>
    <ClInclude Include="..\ThirdParty\glm\include\glm\detail\func_vector_relational_simd.inl">
      <Filter>ThirdParty\glm\include\glm\detail</Filter>
    </ClInclude>
    <ClInclude Include="..\ThirdParty\glm\include\glm\detail\qualifier.hpp">
      <Filter>ThirdParty\glm\include\glm\detail</Filter>
    </ClInclude>
    <ClInclude Include="..\ThirdParty\glm\include\glm\detail\setup.hpp">
      <Filter>ThirdParty\glm\include\glm\detail</Filter>
    </ClInclude>
    <ClInclude Include="..\ThirdParty\glm\include\glm\detail\type_float.hpp">
      <Filter>ThirdParty\glm\include\glm\detail</Filter>
    </ClInclude>
    <ClInclude Include="..\ThirdParty\glm\include\glm\detail\type_half.hpp">
      <Filter>ThirdParty\glm\include\glm\detail</Filter>
    </ClInclude>
    <ClInclude Include="..\ThirdParty\glm\include\glm\detail\type_half.inl">
      <Filter>ThirdParty\glm\include\glm\detail</Filter>
    </ClInclude>
    <ClInclude Include="..\ThirdParty\glm\include\glm\detail\type_mat2x2.hpp">
      <Filter>ThirdParty\glm\include\glm\detail</Filter>
    </ClInclude>
    <ClInclude Include="..\ThirdParty\glm\include\glm\detail\type_mat2x2.inl">
      <Filter>ThirdParty\glm\include\glm\detail</Filter>
    </ClInclude>
    <ClInclude Include="..\ThirdParty\glm\include\glm\detail\type_mat2x3.hpp">
      <Filter>ThirdParty\glm\include\glm\detail</Filter>
    </ClInclude>
    <ClInclude Include="..\ThirdParty\glm\include\glm\detail\type_mat2x3.inl">
      <Filter>ThirdParty\glm\include\glm\detail</Filter>
    </ClInclude>
    <ClInclude Include="..\ThirdParty\glm\include\glm\detail\type_mat2x4.hpp">
      <Filter>ThirdParty\glm\include\glm\detail</Filter>
    </ClInclude>
    <ClInclude Include="..\ThirdParty\glm\include\glm\detail\type_mat2x4.inl">
      <Filter>ThirdParty\glm\include\glm\detail</Filter>
    </ClInclude>
    <ClInclude Include="..\ThirdParty\glm\include\glm\detail\type_mat3x2.hpp">
      <Filter>ThirdParty\glm\include\glm\detail</Filter>
    </ClInclude>
    <ClInclude Include="..\ThirdParty\glm\include\glm\detail\type_mat3x2.inl">
      <Filter>ThirdParty\glm\include\glm\detail</Filter>
    </ClInclude>
    <ClInclude Include="..\ThirdParty\glm\include\glm\detail\type_mat3x3.hpp">
      <Filter>ThirdParty\glm\include\glm\detail</Filter>
    </ClInclude>
    <ClInclude Include="..\ThirdParty\glm\include\glm\detail\type_mat3x3.inl">
      <Filter>ThirdParty\glm\include\glm\detail</Filter>
    </ClInclude>
    <ClInclude Include="..\ThirdParty\glm\include\glm\detail\type_mat3x4.hpp">
      <Filter>ThirdParty\glm\include\glm\detail</Filter>
    </ClInclude>
    <ClInclude Include="..\ThirdParty\glm\include\glm\detail\type_mat3x4.inl">
      <Filter>ThirdParty\glm\include\glm\detail</Filter>
    </ClInclude>
    <ClInclude Include="..\ThirdParty\glm\include\glm\detail\type_mat4x2.hpp">
      <Filter>ThirdParty\glm\include\glm\detail</Filter>
    </ClInclude>
    <ClInclude Include="..\ThirdParty\glm\include\glm\detail\type_mat4x2.inl">
      <Filter>ThirdParty\glm\include\glm\detail</Filter>
    </ClInclude>
    <ClInclude Include="..\ThirdParty\glm\include\glm\detail\type_mat4x3.hpp">
      <Filter>ThirdParty\glm\include\glm\detail</Filter>
    </ClInclude>
    <ClInclude Include="..\ThirdParty\glm\include\glm\detail\type_mat4x3.inl">
      <Filter>ThirdParty\glm\include\glm\detail</Filter>
    </ClInclude>
    <ClInclude Include="..\ThirdParty\glm\include\glm\detail\type_mat4x4.hpp">
      <Filter>ThirdParty\glm\include\glm\detail</Filter>
    </ClInclude>
    <ClInclude Include="..\ThirdParty\glm\include\glm\detail\type_mat4x4.inl">
      <Filter>ThirdParty\glm\include\glm\detail</Filter>
    </ClInclude>
    <ClInclude Include="..\ThirdParty\glm\include\glm\detail\type_mat4x4_simd.inl">
      <Filter>ThirdParty\glm\include\glm\detail</Filter>
    </ClInclude>
    <ClInclude Include="..\ThirdParty\glm\include\glm\detail\type_quat.hpp">
      <Filter>ThirdParty\glm\include\glm\detail</Filter>
    </ClInclude>
    <ClInclude Include="..\ThirdParty\glm\include\glm\detail\type_quat.inl">
      <Filter>ThirdParty\glm\include\glm\detail</Filter>
    </ClInclude>
    <ClInclude Include="..\ThirdParty\glm\include\glm\detail\type_quat_simd.inl">
      <Filter>ThirdParty\glm\include\glm\detail</Filter>
    </ClInclude>
    <ClInclude Include="..\ThirdParty\glm\include\glm\detail\type_vec1.hpp">
      <Filter>ThirdParty\glm\include\glm\detail</Filter>
    </ClInclude>
    <ClInclude Include="..\ThirdParty\glm\include\glm\detail\type_vec1.inl">
      <Filter>ThirdParty\glm\include\glm\detail</Filter>
    </ClInclude>
    <ClInclude Include="..\ThirdParty\glm\include\glm\detail\type_vec2.hpp">
      <Filter>ThirdParty\glm\include\glm\detail</Filter>
    </ClInclude>
    <ClInclude Include="..\ThirdParty\glm\include\glm\detail\type_vec2.inl">
      <Filter>ThirdParty\glm\include\glm\detail</Filter>
    </ClInclude>
    <ClInclude Include="..\ThirdParty\glm\include\glm\detail\type_vec3.hpp">
      <Filter>ThirdParty\glm\include\glm\detail</Filter>
    </ClInclude>
    <ClInclude Include="..\ThirdParty\glm\include\glm\detail\type_vec3.inl">
      <Filter>ThirdParty\glm\include\glm\detail</Filter>
    </ClInclude>
    <ClInclude Include="..\ThirdParty\glm\include\glm\detail\type_vec4.hpp">
      <Filter>ThirdParty\glm\include\glm\detail</Filter>
    </ClInclude>
    <ClInclude Include="..\ThirdParty\glm\include\glm\detail\type_vec4.inl">
      <Filter>ThirdParty\glm\include\glm\detail</Filter>
    </ClInclude>
    <ClInclude Include="..\ThirdParty\glm\include\glm\detail\type_vec4_simd.inl">
      <Filter>ThirdParty\glm\include\glm\detail</Filter>
    </ClInclude>
    <ClInclude Include="..\ThirdParty\glm\include\glm\exponential.hpp">
      <Filter>ThirdParty\glm\include\glm</Filter>
    </ClInclude>
    <ClInclude Include="..\ThirdParty\glm\include\glm\ext.hpp">
      <Filter>ThirdParty\glm\include\glm</Filter>
    </ClInclude>
    <ClInclude Include="..\ThirdParty\glm\include\glm\ext\matrix_clip_space.hpp">
      <Filter>ThirdParty\glm\include\glm\ext</Filter>
    </ClInclude>
    <ClInclude Include="..\ThirdParty\glm\include\glm\ext\matrix_clip_space.inl">
      <Filter>ThirdParty\glm\include\glm\ext</Filter>
    </ClInclude>
    <ClInclude Include="..\ThirdParty\glm\include\glm\ext\matrix_double2x2.hpp">
      <Filter>ThirdParty\glm\include\glm\ext</Filter>
    </ClInclude>
    <ClInclude Include="..\ThirdParty\glm\include\glm\ext\matrix_double2x2_precision.hpp">
      <Filter>ThirdParty\glm\include\glm\ext</Filter>
    </ClInclude>
    <ClInclude Include="..\ThirdParty\glm\include\glm\ext\matrix_double2x3.hpp">
      <Filter>ThirdParty\glm\include\glm\ext</Filter>
    </ClInclude>
    <ClInclude Include="..\ThirdParty\glm\include\glm\ext\matrix_double2x3_precision.hpp">
      <Filter>ThirdParty\glm\include\glm\ext</Filter>
    </ClInclude>
    <ClInclude Include="..\ThirdParty\glm\include\glm\ext\matrix_double2x4.hpp">
      <Filter>ThirdParty\glm\include\glm\ext</Filter>
    </ClInclude>
    <ClInclude Include="..\ThirdParty\glm\include\glm\ext\matrix_double2x4_precision.hpp">
      <Filter>ThirdParty\glm\include\glm\ext</Filter>
    </ClInclude>
    <ClInclude Include="..\ThirdParty\glm\include\glm\ext\matrix_double3x2.hpp">
      <Filter>ThirdParty\glm\include\glm\ext</Filter>
    </ClInclude>
    <ClInclude Include="..\ThirdParty\glm\include\glm\ext\matrix_double3x2_precision.hpp">
      <Filter>ThirdParty\glm\include\glm\ext</Filter>
    </ClInclude>
    <ClInclude Include="..\ThirdParty\glm\include\glm\ext\matrix_double3x3.hpp">
      <Filter>ThirdParty\glm\include\glm\ext</Filter>
    </ClInclude>
    <ClInclude Include="..\ThirdParty\glm\include\glm\ext\matrix_double3x3_precision.hpp">
      <Filter>ThirdParty\glm\include\glm\ext</Filter>
    </ClInclude>
    <ClInclude Include="..\ThirdParty\glm\include\glm\ext\matrix_double3x4.hpp">
      <Filter>ThirdParty\glm\include\glm\ext</Filter>
    </ClInclude>
    <ClInclude Include="..\ThirdParty\glm\include\glm\ext\matrix_double3x4_precision.hpp">
      <Filter>ThirdParty\glm\include\glm\ext</Filter>
    </ClInclude>
    <ClInclude Include="..\ThirdParty\glm\include\glm\ext\matrix_double4x2.hpp">
      <Filter>ThirdParty\glm\include\glm\ext</Filter>
    </ClInclude>
    <ClInclude Include="..\ThirdParty\glm\include\glm\ext\matrix_double4x2_precision.hpp">
      <Filter>ThirdParty\glm\include\glm\ext</Filter>
    </ClInclude>
    <ClInclude Include="..\ThirdParty\glm\include\glm\ext\matrix_double4x3.hpp">
      <Filter>ThirdParty\glm\include\glm\ext</Filter>
    </ClInclude>
    <ClInclude Include="..\ThirdParty\glm\include\glm\ext\matrix_double4x3_precision.hpp">
      <Filter>ThirdParty\glm\include\glm\ext</Filter>
    </ClInclude>
    <ClInclude Include="..\ThirdParty\glm\include\glm\ext\matrix_double4x4.hpp">
      <Filter>ThirdParty\glm\include\glm\ext</Filter>
    </ClInclude>
    <ClInclude Include="..\ThirdParty\glm\include\glm\ext\matrix_double4x4_precision.hpp">
      <Filter>ThirdParty\glm\include\glm\ext</Filter>
    </ClInclude>
    <ClInclude Include="..\ThirdParty\glm\include\glm\ext\matrix_float2x2.hpp">
      <Filter>ThirdParty\glm\include\glm\ext</Filter>
    </ClInclude>
    <ClInclude Include="..\ThirdParty\glm\include\glm\ext\matrix_float2x2_precision.hpp">
      <Filter>ThirdParty\glm\include\glm\ext</Filter>
    </ClInclude>
    <ClInclude Include="..\ThirdParty\glm\include\glm\ext\matrix_float2x3.hpp">
      <Filter>ThirdParty\glm\include\glm\ext</Filter>
    </ClInclude>
    <ClInclude Include="..\ThirdParty\glm\include\glm\ext\matrix_float2x3_precision.hpp">
      <Filter>ThirdParty\glm\include\glm\ext</Filter>
    </ClInclude>
    <ClInclude Include="..\ThirdParty\glm\include\glm\ext\matrix_float2x4.hpp">
      <Filter>ThirdParty\glm\include\glm\ext</Filter>
    </ClInclude>
    <ClInclude Include="..\ThirdParty\glm\include\glm\ext\matrix_float2x4_precision.hpp">
      <Filter>ThirdParty\glm\include\glm\ext</Filter>
    </ClInclude>
    <ClInclude Include="..\ThirdParty\glm\include\glm\ext\matrix_float3x2.hpp">
      <Filter>ThirdParty\glm\include\glm\ext</Filter>
    </ClInclude>
    <ClInclude Include="..\ThirdParty\glm\include\glm\ext\matrix_float3x2_precision.hpp">
      <Filter>ThirdParty\glm\include\glm\ext</Filter>
    </ClInclude>
    <ClInclude Include="..\ThirdParty\glm\include\glm\ext\matrix_float3x3.hpp">
      <Filter>ThirdParty\glm\include\glm\ext</Filter>
    </ClInclude>
    <ClInclude Include="..\ThirdParty\glm\include\glm\ext\matrix_float3x3_precision.hpp">
      <Filter>ThirdParty\glm\include\glm\ext</Filter>
    </ClInclude>
    <ClInclude Include="..\ThirdParty\glm\include\glm\ext\matrix_float3x4.hpp">
      <Filter>ThirdParty\glm\include\glm\ext</Filter>
    </ClInclude>
    <ClInclude Include="..\ThirdParty\glm\include\glm\ext\matrix_float3x4_precision.hpp">
      <Filter>ThirdParty\glm\include\glm\ext</Filter>
    </ClInclude>
    <ClInclude Include="..\ThirdParty\glm\include\glm\ext\matrix_float4x2.hpp">
      <Filter>ThirdParty\glm\include\glm\ext</Filter>
    </ClInclude>
    <ClInclude Include="..\ThirdParty\glm\include\glm\ext\matrix_float4x2_precision.hpp">
      <Filter>ThirdParty\glm\include\glm\ext</Filter>
    </ClInclude>
    <ClInclude Include="..\ThirdParty\glm\include\glm\ext\matrix_float4x3.hpp">
      <Filter>ThirdParty\glm\include\glm\ext</Filter>
    </ClInclude>
    <ClInclude Include="..\ThirdParty\glm\include\glm\ext\matrix_float4x3_precision.hpp">
      <Filter>ThirdParty\glm\include\glm\ext</Filter>
    </ClInclude>
    <ClInclude Include="..\ThirdParty\glm\include\glm\ext\matrix_float4x4.hpp">
      <Filter>ThirdParty\glm\include\glm\ext</Filter>
    </ClInclude>
    <ClInclude Include="..\ThirdParty\glm\include\glm\ext\matrix_float4x4_precision.hpp">
      <Filter>ThirdParty\glm\include\glm\ext</Filter>
    </ClInclude>
    <ClInclude Include="..\ThirdParty\glm\include\glm\ext\matrix_projection.hpp">
      <Filter>ThirdParty\glm\include\glm\ext</Filter>
    </ClInclude>
    <ClInclude Include="..\ThirdParty\glm\include\glm\ext\matrix_projection.inl">
      <Filter>ThirdParty\glm\include\glm\ext</Filter>
    </ClInclude>
    <ClInclude Include="..\ThirdParty\glm\include\glm\ext\matrix_relational.hpp">
      <Filter>ThirdParty\glm\include\glm\ext</Filter>
    </ClInclude>
    <ClInclude Include="..\ThirdParty\glm\include\glm\ext\matrix_relational.inl">
      <Filter>ThirdParty\glm\include\glm\ext</Filter>
    </ClInclude>
    <ClInclude Include="..\ThirdParty\glm\include\glm\ext\matrix_transform.hpp">
      <Filter>ThirdParty\glm\include\glm\ext</Filter>
    </ClInclude>
    <ClInclude Include="..\ThirdParty\glm\include\glm\ext\matrix_transform.inl">
      <Filter>ThirdParty\glm\include\glm\ext</Filter>
    </ClInclude>
    <ClInclude Include="..\ThirdParty\glm\include\glm\ext\quaternion_common.hpp">
      <Filter>ThirdParty\glm\include\glm\ext</Filter>
    </ClInclude>
    <ClInclude Include="..\ThirdParty\glm\include\glm\ext\quaternion_common.inl">
      <Filter>ThirdParty\glm\include\glm\ext</Filter>
    </ClInclude>
    <ClInclude Include="..\ThirdParty\glm\include\glm\ext\quaternion_common_simd.inl">
      <Filter>ThirdParty\glm\include\glm\ext</Filter>
    </ClInclude>
    <ClInclude Include="..\ThirdParty\glm\include\glm\ext\quaternion_double.hpp">
      <Filter>ThirdParty\glm\include\glm\ext</Filter>
    </ClInclude>
    <ClInclude Include="..\ThirdParty\glm\include\glm\ext\quaternion_double_precision.hpp">
      <Filter>ThirdParty\glm\include\glm\ext</Filter>
    </ClInclude>
    <ClInclude Include="..\ThirdParty\glm\include\glm\ext\quaternion_exponential.hpp">
      <Filter>ThirdParty\glm\include\glm\ext</Filter>
    </ClInclude>
    <ClInclude Include="..\ThirdParty\glm\include\glm\ext\quaternion_exponential.inl">
      <Filter>ThirdParty\glm\include\glm\ext</Filter>
    </ClInclude>
    <ClInclude Include="..\ThirdParty\glm\include\glm\ext\quaternion_float.hpp">
      <Filter>ThirdParty\glm\include\glm\ext</Filter>
    </ClInclude>
    <ClInclude Include="..\ThirdParty\glm\include\glm\ext\quaternion_float_precision.hpp">
      <Filter>ThirdParty\glm\include\glm\ext</Filter>
    </ClInclude>
    <ClInclude Include="..\ThirdParty\glm\include\glm\ext\quaternion_geometric.hpp">
      <Filter>ThirdParty\glm\include\glm\ext</Filter>
    </ClInclude>
    <ClInclude Include="..\ThirdParty\glm\include\glm\ext\quaternion_geometric.inl">
      <Filter>ThirdParty\glm\include\glm\ext</Filter>
    </ClInclude>
    <ClInclude Include="..\ThirdParty\glm\include\glm\ext\quaternion_relational.hpp">
      <Filter>ThirdParty\glm\include\glm\ext</Filter>
    </ClInclude>
    <ClInclude Include="..\ThirdParty\glm\include\glm\ext\quaternion_relational.inl">
      <Filter>ThirdParty\glm\include\glm\ext</Filter>
    </ClInclude>
    <ClInclude Include="..\ThirdParty\glm\include\glm\ext\quaternion_transform.hpp">
      <Filter>ThirdParty\glm\include\glm\ext</Filter>
    </ClInclude>
    <ClInclude Include="..\ThirdParty\glm\include\glm\ext\quaternion_transform.inl">
      <Filter>ThirdParty\glm\include\glm\ext</Filter>
    </ClInclude>
    <ClInclude Include="..\ThirdParty\glm\include\glm\ext\quaternion_trigonometric.hpp">
      <Filter>ThirdParty\glm\include\glm\ext</Filter>
    </ClInclude>
    <ClInclude Include="..\ThirdParty\glm\include\glm\ext\quaternion_trigonometric.inl">
      <Filter>ThirdParty\glm\include\glm\ext</Filter>
    </ClInclude>
    <ClInclude Include="..\ThirdParty\glm\include\glm\ext\scalar_common.hpp">
      <Filter>ThirdParty\glm\include\glm\ext</Filter>
    </ClInclude>
    <ClInclude Include="..\ThirdParty\glm\include\glm\ext\scalar_common.inl">
      <Filter>ThirdParty\glm\include\glm\ext</Filter>
    </ClInclude>
    <ClInclude Include="..\ThirdParty\glm\include\glm\ext\scalar_constants.hpp">
      <Filter>ThirdParty\glm\include\glm\ext</Filter>
    </ClInclude>
    <ClInclude Include="..\ThirdParty\glm\include\glm\ext\scalar_constants.inl">
      <Filter>ThirdParty\glm\include\glm\ext</Filter>
    </ClInclude>
    <ClInclude Include="..\ThirdParty\glm\include\glm\ext\scalar_int_sized.hpp">
      <Filter>ThirdParty\glm\include\glm\ext</Filter>
    </ClInclude>
    <ClInclude Include="..\ThirdParty\glm\include\glm\ext\scalar_relational.hpp">
      <Filter>ThirdParty\glm\include\glm\ext</Filter>
    </ClInclude>
    <ClInclude Include="..\ThirdParty\glm\include\glm\ext\scalar_relational.inl">
      <Filter>ThirdParty\glm\include\glm\ext</Filter>
    </ClInclude>
    <ClInclude Include="..\ThirdParty\glm\include\glm\ext\scalar_uint_sized.hpp">
      <Filter>ThirdParty\glm\include\glm\ext</Filter>
    </ClInclude>
    <ClInclude Include="..\ThirdParty\glm\include\glm\ext\scalar_ulp.hpp">
      <Filter>ThirdParty\glm\include\glm\ext</Filter>
    </ClInclude>
    <ClInclude Include="..\ThirdParty\glm\include\glm\ext\scalar_ulp.inl">
      <Filter>ThirdParty\glm\include\glm\ext</Filter>
    </ClInclude>
    <ClInclude Include="..\ThirdParty\glm\include\glm\ext\vector_bool1.hpp">
      <Filter>ThirdParty\glm\include\glm\ext</Filter>
    </ClInclude>
    <ClInclude Include="..\ThirdParty\glm\include\glm\ext\vector_bool1_precision.hpp">
      <Filter>ThirdParty\glm\include\glm\ext</Filter>
    </ClInclude>
    <ClInclude Include="..\ThirdParty\glm\include\glm\ext\vector_bool2.hpp">
      <Filter>ThirdParty\glm\include\glm\ext</Filter>
    </ClInclude>
    <ClInclude Include="..\ThirdParty\glm\include\glm\ext\vector_bool2_precision.hpp">
      <Filter>ThirdParty\glm\include\glm\ext</Filter>
    </ClInclude>
    <ClInclude Include="..\ThirdParty\glm\include\glm\ext\vector_bool3.hpp">
      <Filter>ThirdParty\glm\include\glm\ext</Filter>
    </ClInclude>
    <ClInclude Include="..\ThirdParty\glm\include\glm\ext\vector_bool3_precision.hpp">
      <Filter>ThirdParty\glm\include\glm\ext</Filter>
    </ClInclude>
    <ClInclude Include="..\ThirdParty\glm\include\glm\ext\vector_bool4.hpp">
      <Filter>ThirdParty\glm\include\glm\ext</Filter>
    </ClInclude>
    <ClInclude Include="..\ThirdParty\glm\include\glm\ext\vector_bool4_precision.hpp">
      <Filter>ThirdParty\glm\include\glm\ext</Filter>
    </ClInclude>
    <ClInclude Include="..\ThirdParty\glm\include\glm\ext\vector_common.hpp">
      <Filter>ThirdParty\glm\include\glm\ext</Filter>
    </ClInclude>
    <ClInclude Include="..\ThirdParty\glm\include\glm\ext\vector_common.inl">
      <Filter>ThirdParty\glm\include\glm\ext</Filter>
    </ClInclude>
    <ClInclude Include="..\ThirdParty\glm\include\glm\ext\vector_double1.hpp">
      <Filter>ThirdParty\glm\include\glm\ext</Filter>
    </ClInclude>
    <ClInclude Include="..\ThirdParty\glm\include\glm\ext\vector_double1_precision.hpp">
      <Filter>ThirdParty\glm\include\glm\ext</Filter>
    </ClInclude>
    <ClInclude Include="..\ThirdParty\glm\include\glm\ext\vector_double2.hpp">
      <Filter>ThirdParty\glm\include\glm\ext</Filter>
    </ClInclude>
    <ClInclude Include="..\ThirdParty\glm\include\glm\ext\vector_double2_precision.hpp">
      <Filter>ThirdParty\glm\include\glm\ext</Filter>
    </ClInclude>
    <ClInclude Include="..\ThirdParty\glm\include\glm\ext\vector_double3.hpp">
      <Filter>ThirdParty\glm\include\glm\ext</Filter>
    </ClInclude>
    <ClInclude Include="..\ThirdParty\glm\include\glm\ext\vector_double3_precision.hpp">
      <Filter>ThirdParty\glm\include\glm\ext</Filter>
    </ClInclude>
    <ClInclude Include="..\ThirdParty\glm\include\glm\ext\vector_double4.hpp">
      <Filter>ThirdParty\glm\include\glm\ext</Filter>
    </ClInclude>
    <ClInclude Include="..\ThirdParty\glm\include\glm\ext\vector_double4_precision.hpp">
      <Filter>ThirdParty\glm\include\glm\ext</Filter>
    </ClInclude>
    <ClInclude Include="..\ThirdParty\glm\include\glm\ext\vector_float1.hpp">
      <Filter>ThirdParty\glm\include\glm\ext</Filter>
    </ClInclude>
    <ClInclude Include="..\ThirdParty\glm\include\glm\ext\vector_float1_precision.hpp">
      <Filter>ThirdParty\glm\include\glm\ext</Filter>
    </ClInclude>
    <ClInclude Include="..\ThirdParty\glm\include\glm\ext\vector_float2.hpp">
      <Filter>ThirdParty\glm\include\glm\ext</Filter>
    </ClInclude>
    <ClInclude Include="..\ThirdParty\glm\include\glm\ext\vector_float2_precision.hpp">
      <Filter>ThirdParty\glm\include\glm\ext</Filter>
    </ClInclude>
    <ClInclude Include="..\ThirdParty\glm\include\glm\ext\vector_float3.hpp">
      <Filter>ThirdParty\glm\include\glm\ext</Filter>
    </ClInclude>
    <ClInclude Include="..\ThirdParty\glm\include\glm\ext\vector_float3_precision.hpp">
      <Filter>ThirdParty\glm\include\glm\ext</Filter>
    </ClInclude>
    <ClInclude Include="..\ThirdParty\glm\include\glm\ext\vector_float4.hpp">
      <Filter>ThirdParty\glm\include\glm\ext</Filter>
    </ClInclude>
    <ClInclude Include="..\ThirdParty\glm\include\glm\ext\vector_float4_precision.hpp">
      <Filter>ThirdParty\glm\include\glm\ext</Filter>
    </ClInclude>
    <ClInclude Include="..\ThirdParty\glm\include\glm\ext\vector_int1.hpp">
      <Filter>ThirdParty\glm\include\glm\ext</Filter>
    </ClInclude>
    <ClInclude Include="..\ThirdParty\glm\include\glm\ext\vector_int1_precision.hpp">
      <Filter>ThirdParty\glm\include\glm\ext</Filter>
    </ClInclude>
    <ClInclude Include="..\ThirdParty\glm\include\glm\ext\vector_int2.hpp">
      <Filter>ThirdParty\glm\include\glm\ext</Filter>
    </ClInclude>
    <ClInclude Include="..\ThirdParty\glm\include\glm\ext\vector_int2_precision.hpp">
      <Filter>ThirdParty\glm\include\glm\ext</Filter>
    </ClInclude>
    <ClInclude Include="..\ThirdParty\glm\include\glm\ext\vector_int3.hpp">
      <Filter>ThirdParty\glm\include\glm\ext</Filter>
    </ClInclude>
    <ClInclude Include="..\ThirdParty\glm\include\glm\ext\vector_int3_precision.hpp">
      <Filter>ThirdParty\glm\include\glm\ext</Filter>
    </ClInclude>
    <ClInclude Include="..\ThirdParty\glm\include\glm\ext\vector_int4.hpp">
      <Filter>ThirdParty\glm\include\glm\ext</Filter>
    </ClInclude>
    <ClInclude Include="..\ThirdParty\glm\include\glm\ext\vector_int4_precision.hpp">
      <Filter>ThirdParty\glm\include\glm\ext</Filter>
    </ClInclude>
    <ClInclude Include="..\ThirdParty\glm\include\glm\ext\vector_relational.hpp">
      <Filter>ThirdParty\glm\include\glm\ext</Filter>
    </ClInclude>
    <ClInclude Include="..\ThirdParty\glm\include\glm\ext\vector_relational.inl">
      <Filter>ThirdParty\glm\include\glm\ext</Filter>
    </ClInclude>
    <ClInclude Include="..\ThirdParty\glm\include\glm\ext\vector_uint1.hpp">
      <Filter>ThirdParty\glm\include\glm\ext</Filter>
    </ClInclude>
    <ClInclude Include="..\ThirdParty\glm\include\glm\ext\vector_uint1_precision.hpp">
      <Filter>ThirdParty\glm\include\glm\ext</Filter>
    </ClInclude>
    <ClInclude Include="..\ThirdParty\glm\include\glm\ext\vector_uint2.hpp">
      <Filter>ThirdParty\glm\include\glm\ext</Filter>
    </ClInclude>
    <ClInclude Include="..\ThirdParty\glm\include\glm\ext\vector_uint2_precision.hpp">
      <Filter>ThirdParty\glm\include\glm\ext</Filter>
    </ClInclude>
    <ClInclude Include="..\ThirdParty\glm\include\glm\ext\vector_uint3.hpp">
      <Filter>ThirdParty\glm\include\glm\ext</Filter>
    </ClInclude>
    <ClInclude Include="..\ThirdParty\glm\include\glm\ext\vector_uint3_precision.hpp">
      <Filter>ThirdParty\glm\include\glm\ext</Filter>
    </ClInclude>
    <ClInclude Include="..\ThirdParty\glm\include\glm\ext\vector_uint4.hpp">
      <Filter>ThirdParty\glm\include\glm\ext</Filter>
    </ClInclude>
    <ClInclude Include="..\ThirdParty\glm\include\glm\ext\vector_uint4_precision.hpp">
      <Filter>ThirdParty\glm\include\glm\ext</Filter>
    </ClInclude>
    <ClInclude Include="..\ThirdParty\glm\include\glm\ext\vector_ulp.hpp">
      <Filter>ThirdParty\glm\include\glm\ext</Filter>
    </ClInclude>
    <ClInclude Include="..\ThirdParty\glm\include\glm\ext\vector_ulp.inl">
      <Filter>ThirdParty\glm\include\glm\ext</Filter>
    </ClInclude>
    <ClInclude Include="..\ThirdParty\glm\include\glm\fwd.hpp">
      <Filter>ThirdParty\glm\include\glm</Filter>
    </ClInclude>
    <ClInclude Include="..\ThirdParty\glm\include\glm\geometric.hpp">
      <Filter>ThirdParty\glm\include\glm</Filter>
    </ClInclude>
    <ClInclude Include="..\ThirdParty\glm\include\glm\glm.hpp">
      <Filter>ThirdParty\glm\include\glm</Filter>
    </ClInclude>
    <ClInclude Include="..\ThirdParty\glm\include\glm\gtc\bitfield.hpp">
      <Filter>ThirdParty\glm\include\glm\gtc</Filter>
    </ClInclude>
    <ClInclude Include="..\ThirdParty\glm\include\glm\gtc\bitfield.inl">
      <Filter>ThirdParty\glm\include\glm\gtc</Filter>
    </ClInclude>
    <ClInclude Include="..\ThirdParty\glm\include\glm\gtc\color_space.hpp">
      <Filter>ThirdParty\glm\include\glm\gtc</Filter>
    </ClInclude>
    <ClInclude Include="..\ThirdParty\glm\include\glm\gtc\color_space.inl">
      <Filter>ThirdParty\glm\include\glm\gtc</Filter>
    </ClInclude>
    <ClInclude Include="..\ThirdParty\glm\include\glm\gtc\constants.hpp">
      <Filter>ThirdParty\glm\include\glm\gtc</Filter>
    </ClInclude>
    <ClInclude Include="..\ThirdParty\glm\include\glm\gtc\constants.inl">
      <Filter>ThirdParty\glm\include\glm\gtc</Filter>
    </ClInclude>
    <ClInclude Include="..\ThirdParty\glm\include\glm\gtc\epsilon.hpp">
      <Filter>ThirdParty\glm\include\glm\gtc</Filter>
    </ClInclude>
    <ClInclude Include="..\ThirdParty\glm\include\glm\gtc\epsilon.inl">
      <Filter>ThirdParty\glm\include\glm\gtc</Filter>
    </ClInclude>
    <ClInclude Include="..\ThirdParty\glm\include\glm\gtc\integer.hpp">
      <Filter>ThirdParty\glm\include\glm\gtc</Filter>
    </ClInclude>
    <ClInclude Include="..\ThirdParty\glm\include\glm\gtc\integer.inl">
      <Filter>ThirdParty\glm\include\glm\gtc</Filter>
    </ClInclude>
    <ClInclude Include="..\ThirdParty\glm\include\glm\gtc\matrix_access.hpp">
      <Filter>ThirdParty\glm\include\glm\gtc</Filter>
    </ClInclude>
    <ClInclude Include="..\ThirdParty\glm\include\glm\gtc\matrix_access.inl">
      <Filter>ThirdParty\glm\include\glm\gtc</Filter>
    </ClInclude>
    <ClInclude Include="..\ThirdParty\glm\include\glm\gtc\matrix_integer.hpp">
      <Filter>ThirdParty\glm\include\glm\gtc</Filter>
    </ClInclude>
    <ClInclude Include="..\ThirdParty\glm\include\glm\gtc\matrix_inverse.hpp">
      <Filter>ThirdParty\glm\include\glm\gtc</Filter>
    </ClInclude>
    <ClInclude Include="..\ThirdParty\glm\include\glm\gtc\matrix_inverse.inl">
      <Filter>ThirdParty\glm\include\glm\gtc</Filter>
    </ClInclude>
    <ClInclude Include="..\ThirdParty\glm\include\glm\gtc\matrix_transform.hpp">
      <Filter>ThirdParty\glm\include\glm\gtc</Filter>
    </ClInclude>
    <ClInclude Include="..\ThirdParty\glm\include\glm\gtc\matrix_transform.inl">
      <Filter>ThirdParty\glm\include\glm\gtc</Filter>
    </ClInclude>
    <ClInclude Include="..\ThirdParty\glm\include\glm\gtc\noise.hpp">
      <Filter>ThirdParty\glm\include\glm\gtc</Filter>
    </ClInclude>
    <ClInclude Include="..\ThirdParty\glm\include\glm\gtc\noise.inl">
      <Filter>ThirdParty\glm\include\glm\gtc</Filter>
    </ClInclude>
    <ClInclude Include="..\ThirdParty\glm\include\glm\gtc\packing.hpp">
      <Filter>ThirdParty\glm\include\glm\gtc</Filter>
    </ClInclude>
    <ClInclude Include="..\ThirdParty\glm\include\glm\gtc\packing.inl">
      <Filter>ThirdParty\glm\include\glm\gtc</Filter>
    </ClInclude>
    <ClInclude Include="..\ThirdParty\glm\include\glm\gtc\quaternion.hpp">
      <Filter>ThirdParty\glm\include\glm\gtc</Filter>
    </ClInclude>
    <ClInclude Include="..\ThirdParty\glm\include\glm\gtc\quaternion.inl">
      <Filter>ThirdParty\glm\include\glm\gtc</Filter>
    </ClInclude>
    <ClInclude Include="..\ThirdParty\glm\include\glm\gtc\quaternion_simd.inl">
      <Filter>ThirdParty\glm\include\glm\gtc</Filter>
    </ClInclude>
    <ClInclude Include="..\ThirdParty\glm\include\glm\gtc\random.hpp">
      <Filter>ThirdParty\glm\include\glm\gtc</Filter>
    </ClInclude>
    <ClInclude Include="..\ThirdParty\glm\include\glm\gtc\random.inl">
      <Filter>ThirdParty\glm\include\glm\gtc</Filter>
    </ClInclude>
    <ClInclude Include="..\ThirdParty\glm\include\glm\gtc\reciprocal.hpp">
      <Filter>ThirdParty\glm\include\glm\gtc</Filter>
    </ClInclude>
    <ClInclude Include="..\ThirdParty\glm\include\glm\gtc\reciprocal.inl">
      <Filter>ThirdParty\glm\include\glm\gtc</Filter>
    </ClInclude>
    <ClInclude Include="..\ThirdParty\glm\include\glm\gtc\round.hpp">
      <Filter>ThirdParty\glm\include\glm\gtc</Filter>
    </ClInclude>
    <ClInclude Include="..\ThirdParty\glm\include\glm\gtc\round.inl">
      <Filter>ThirdParty\glm\include\glm\gtc</Filter>
    </ClInclude>
    <ClInclude Include="..\ThirdParty\glm\include\glm\gtc\type_aligned.hpp">
      <Filter>ThirdParty\glm\include\glm\gtc</Filter>
    </ClInclude>
    <ClInclude Include="..\ThirdParty\glm\include\glm\gtc\type_precision.hpp">
      <Filter>ThirdParty\glm\include\glm\gtc</Filter>
    </ClInclude>
    <ClInclude Include="..\ThirdParty\glm\include\glm\gtc\type_precision.inl">
      <Filter>ThirdParty\glm\include\glm\gtc</Filter>
    </ClInclude>
    <ClInclude Include="..\ThirdParty\glm\include\glm\gtc\type_ptr.hpp">
      <Filter>ThirdParty\glm\include\glm\gtc</Filter>
    </ClInclude>
    <ClInclude Include="..\ThirdParty\glm\include\glm\gtc\type_ptr.inl">
      <Filter>ThirdParty\glm\include\glm\gtc</Filter>
    </ClInclude>
    <ClInclude Include="..\ThirdParty\glm\include\glm\gtc\ulp.hpp">
      <Filter>ThirdParty\glm\include\glm\gtc</Filter>
    </ClInclude>
    <ClInclude Include="..\ThirdParty\glm\include\glm\gtc\ulp.inl">
      <Filter>ThirdParty\glm\include\glm\gtc</Filter>
    </ClInclude>
    <ClInclude Include="..\ThirdParty\glm\include\glm\gtc\vec1.hpp">
      <Filter>ThirdParty\glm\include\glm\gtc</Filter>
    </ClInclude>
    <ClInclude Include="..\ThirdParty\glm\include\glm\gtx\associated_min_max.hpp">
      <Filter>ThirdParty\glm\include\glm\gtx</Filter>
    </ClInclude>
    <ClInclude Include="..\ThirdParty\glm\include\glm\gtx\associated_min_max.inl">
      <Filter>ThirdParty\glm\include\glm\gtx</Filter>
    </ClInclude>
    <ClInclude Include="..\ThirdParty\glm\include\glm\gtx\bit.hpp">
      <Filter>ThirdParty\glm\include\glm\gtx</Filter>
    </ClInclude>
    <ClInclude Include="..\ThirdParty\glm\include\glm\gtx\bit.inl">
      <Filter>ThirdParty\glm\include\glm\gtx</Filter>
    </ClInclude>
    <ClInclude Include="..\ThirdParty\glm\include\glm\gtx\closest_point.hpp">
      <Filter>ThirdParty\glm\include\glm\gtx</Filter>
    </ClInclude>
    <ClInclude Include="..\ThirdParty\glm\include\glm\gtx\closest_point.inl">
      <Filter>ThirdParty\glm\include\glm\gtx</Filter>
    </ClInclude>
    <ClInclude Include="..\ThirdParty\glm\include\glm\gtx\color_encoding.hpp">
      <Filter>ThirdParty\glm\include\glm\gtx</Filter>
    </ClInclude>
    <ClInclude Include="..\ThirdParty\glm\include\glm\gtx\color_encoding.inl">
      <Filter>ThirdParty\glm\include\glm\gtx</Filter>
    </ClInclude>
    <ClInclude Include="..\ThirdParty\glm\include\glm\gtx\color_space.hpp">
      <Filter>ThirdParty\glm\include\glm\gtx</Filter>
    </ClInclude>
    <ClInclude Include="..\ThirdParty\glm\include\glm\gtx\color_space.inl">
      <Filter>ThirdParty\glm\include\glm\gtx</Filter>
    </ClInclude>
    <ClInclude Include="..\ThirdParty\glm\include\glm\gtx\color_space_YCoCg.hpp">
      <Filter>ThirdParty\glm\include\glm\gtx</Filter>
    </ClInclude>
    <ClInclude Include="..\ThirdParty\glm\include\glm\gtx\color_space_YCoCg.inl">
      <Filter>ThirdParty\glm\include\glm\gtx</Filter>
    </ClInclude>
    <ClInclude Include="..\ThirdParty\glm\include\glm\gtx\common.hpp">
      <Filter>ThirdParty\glm\include\glm\gtx</Filter>
    </ClInclude>
    <ClInclude Include="..\ThirdParty\glm\include\glm\gtx\common.inl">
      <Filter>ThirdParty\glm\include\glm\gtx</Filter>
    </ClInclude>
    <ClInclude Include="..\ThirdParty\glm\include\glm\gtx\compatibility.hpp">
      <Filter>ThirdParty\glm\include\glm\gtx</Filter>
    </ClInclude>
    <ClInclude Include="..\ThirdParty\glm\include\glm\gtx\compatibility.inl">
      <Filter>ThirdParty\glm\include\glm\gtx</Filter>
    </ClInclude>
    <ClInclude Include="..\ThirdParty\glm\include\glm\gtx\component_wise.hpp">
      <Filter>ThirdParty\glm\include\glm\gtx</Filter>
    </ClInclude>
    <ClInclude Include="..\ThirdParty\glm\include\glm\gtx\component_wise.inl">
      <Filter>ThirdParty\glm\include\glm\gtx</Filter>
    </ClInclude>
    <ClInclude Include="..\ThirdParty\glm\include\glm\gtx\dual_quaternion.hpp">
      <Filter>ThirdParty\glm\include\glm\gtx</Filter>
    </ClInclude>
    <ClInclude Include="..\ThirdParty\glm\include\glm\gtx\dual_quaternion.inl">
      <Filter>ThirdParty\glm\include\glm\gtx</Filter>
    </ClInclude>
    <ClInclude Include="..\ThirdParty\glm\include\glm\gtx\easing.hpp">
      <Filter>ThirdParty\glm\include\glm\gtx</Filter>
    </ClInclude>
    <ClInclude Include="..\ThirdParty\glm\include\glm\gtx\easing.inl">
      <Filter>ThirdParty\glm\include\glm\gtx</Filter>
    </ClInclude>
    <ClInclude Include="..\ThirdParty\glm\include\glm\gtx\euler_angles.hpp">
      <Filter>ThirdParty\glm\include\glm\gtx</Filter>
    </ClInclude>
    <ClInclude Include="..\ThirdParty\glm\include\glm\gtx\euler_angles.inl">
      <Filter>ThirdParty\glm\include\glm\gtx</Filter>
    </ClInclude>
    <ClInclude Include="..\ThirdParty\glm\include\glm\gtx\extend.hpp">
      <Filter>ThirdParty\glm\include\glm\gtx</Filter>
    </ClInclude>
    <ClInclude Include="..\ThirdParty\glm\include\glm\gtx\extend.inl">
      <Filter>ThirdParty\glm\include\glm\gtx</Filter>
    </ClInclude>
    <ClInclude Include="..\ThirdParty\glm\include\glm\gtx\extended_min_max.hpp">
      <Filter>ThirdParty\glm\include\glm\gtx</Filter>
    </ClInclude>
    <ClInclude Include="..\ThirdParty\glm\include\glm\gtx\extended_min_max.inl">
      <Filter>ThirdParty\glm\include\glm\gtx</Filter>
    </ClInclude>
    <ClInclude Include="..\ThirdParty\glm\include\glm\gtx\exterior_product.hpp">
      <Filter>ThirdParty\glm\include\glm\gtx</Filter>
    </ClInclude>
    <ClInclude Include="..\ThirdParty\glm\include\glm\gtx\exterior_product.inl">
      <Filter>ThirdParty\glm\include\glm\gtx</Filter>
    </ClInclude>
    <ClInclude Include="..\ThirdParty\glm\include\glm\gtx\fast_exponential.hpp">
      <Filter>ThirdParty\glm\include\glm\gtx</Filter>
    </ClInclude>
    <ClInclude Include="..\ThirdParty\glm\include\glm\gtx\fast_exponential.inl">
      <Filter>ThirdParty\glm\include\glm\gtx</Filter>
    </ClInclude>
    <ClInclude Include="..\ThirdParty\glm\include\glm\gtx\fast_square_root.hpp">
      <Filter>ThirdParty\glm\include\glm\gtx</Filter>
    </ClInclude>
    <ClInclude Include="..\ThirdParty\glm\include\glm\gtx\fast_square_root.inl">
      <Filter>ThirdParty\glm\include\glm\gtx</Filter>
    </ClInclude>
    <ClInclude Include="..\ThirdParty\glm\include\glm\gtx\fast_trigonometry.hpp">
      <Filter>ThirdParty\glm\include\glm\gtx</Filter>
    </ClInclude>
    <ClInclude Include="..\ThirdParty\glm\include\glm\gtx\fast_trigonometry.inl">
      <Filter>ThirdParty\glm\include\glm\gtx</Filter>
    </ClInclude>
    <ClInclude Include="..\ThirdParty\glm\include\glm\gtx\float_notmalize.inl">
      <Filter>ThirdParty\glm\include\glm\gtx</Filter>
    </ClInclude>
    <ClInclude Include="..\ThirdParty\glm\include\glm\gtx\functions.hpp">
      <Filter>ThirdParty\glm\include\glm\gtx</Filter>
    </ClInclude>
    <ClInclude Include="..\ThirdParty\glm\include\glm\gtx\functions.inl">
      <Filter>ThirdParty\glm\include\glm\gtx</Filter>
    </ClInclude>
    <ClInclude Include="..\ThirdParty\glm\include\glm\gtx\gradient_paint.hpp">
      <Filter>ThirdParty\glm\include\glm\gtx</Filter>
    </ClInclude>
    <ClInclude Include="..\ThirdParty\glm\include\glm\gtx\gradient_paint.inl">
      <Filter>ThirdParty\glm\include\glm\gtx</Filter>
    </ClInclude>
    <ClInclude Include="..\ThirdParty\glm\include\glm\gtx\handed_coordinate_space.hpp">
      <Filter>ThirdParty\glm\include\glm\gtx</Filter>
    </ClInclude>
    <ClInclude Include="..\ThirdParty\glm\include\glm\gtx\handed_coordinate_space.inl">
      <Filter>ThirdParty\glm\include\glm\gtx</Filter>
    </ClInclude>
    <ClInclude Include="..\ThirdParty\glm\include\glm\gtx\hash.hpp">
      <Filter>ThirdParty\glm\include\glm\gtx</Filter>
    </ClInclude>
    <ClInclude Include="..\ThirdParty\glm\include\glm\gtx\hash.inl">
      <Filter>ThirdParty\glm\include\glm\gtx</Filter>
    </ClInclude>
    <ClInclude Include="..\ThirdParty\glm\include\glm\gtx\integer.hpp">
      <Filter>ThirdParty\glm\include\glm\gtx</Filter>
    </ClInclude>
    <ClInclude Include="..\ThirdParty\glm\include\glm\gtx\integer.inl">
      <Filter>ThirdParty\glm\include\glm\gtx</Filter>
    </ClInclude>
    <ClInclude Include="..\ThirdParty\glm\include\glm\gtx\intersect.hpp">
      <Filter>ThirdParty\glm\include\glm\gtx</Filter>
    </ClInclude>
    <ClInclude Include="..\ThirdParty\glm\include\glm\gtx\intersect.inl">
      <Filter>ThirdParty\glm\include\glm\gtx</Filter>
    </ClInclude>
    <ClInclude Include="..\ThirdParty\glm\include\glm\gtx\io.hpp">
      <Filter>ThirdParty\glm\include\glm\gtx</Filter>
    </ClInclude>
    <ClInclude Include="..\ThirdParty\glm\include\glm\gtx\io.inl">
      <Filter>ThirdParty\glm\include\glm\gtx</Filter>
    </ClInclude>
    <ClInclude Include="..\ThirdParty\glm\include\glm\gtx\log_base.hpp">
      <Filter>ThirdParty\glm\include\glm\gtx</Filter>
    </ClInclude>
    <ClInclude Include="..\ThirdParty\glm\include\glm\gtx\log_base.inl">
      <Filter>ThirdParty\glm\include\glm\gtx</Filter>
    </ClInclude>
    <ClInclude Include="..\ThirdParty\glm\include\glm\gtx\matrix_cross_product.hpp">
      <Filter>ThirdParty\glm\include\glm\gtx</Filter>
    </ClInclude>
    <ClInclude Include="..\ThirdParty\glm\include\glm\gtx\matrix_cross_product.inl">
      <Filter>ThirdParty\glm\include\glm\gtx</Filter>
    </ClInclude>
    <ClInclude Include="..\ThirdParty\glm\include\glm\gtx\matrix_decompose.hpp">
      <Filter>ThirdParty\glm\include\glm\gtx</Filter>
    </ClInclude>
    <ClInclude Include="..\ThirdParty\glm\include\glm\gtx\matrix_decompose.inl">
      <Filter>ThirdParty\glm\include\glm\gtx</Filter>
    </ClInclude>
    <ClInclude Include="..\ThirdParty\glm\include\glm\gtx\matrix_factorisation.hpp">
      <Filter>ThirdParty\glm\include\glm\gtx</Filter>
    </ClInclude>
    <ClInclude Include="..\ThirdParty\glm\include\glm\gtx\matrix_factorisation.inl">
      <Filter>ThirdParty\glm\include\glm\gtx</Filter>
    </ClInclude>
    <ClInclude Include="..\ThirdParty\glm\include\glm\gtx\matrix_interpolation.hpp">
      <Filter>ThirdParty\glm\include\glm\gtx</Filter>
    </ClInclude>
    <ClInclude Include="..\ThirdParty\glm\include\glm\gtx\matrix_interpolation.inl">
      <Filter>ThirdParty\glm\include\glm\gtx</Filter>
    </ClInclude>
    <ClInclude Include="..\ThirdParty\glm\include\glm\gtx\matrix_major_storage.hpp">
      <Filter>ThirdParty\glm\include\glm\gtx</Filter>
    </ClInclude>
    <ClInclude Include="..\ThirdParty\glm\include\glm\gtx\matrix_major_storage.inl">
      <Filter>ThirdParty\glm\include\glm\gtx</Filter>
    </ClInclude>
    <ClInclude Include="..\ThirdParty\glm\include\glm\gtx\matrix_operation.hpp">
      <Filter>ThirdParty\glm\include\glm\gtx</Filter>
    </ClInclude>
    <ClInclude Include="..\ThirdParty\glm\include\glm\gtx\matrix_operation.inl">
      <Filter>ThirdParty\glm\include\glm\gtx</Filter>
    </ClInclude>
    <ClInclude Include="..\ThirdParty\glm\include\glm\gtx\matrix_query.hpp">
      <Filter>ThirdParty\glm\include\glm\gtx</Filter>
    </ClInclude>
    <ClInclude Include="..\ThirdParty\glm\include\glm\gtx\matrix_query.inl">
      <Filter>ThirdParty\glm\include\glm\gtx</Filter>
    </ClInclude>
    <ClInclude Include="..\ThirdParty\glm\include\glm\gtx\matrix_transform_2d.hpp">
      <Filter>ThirdParty\glm\include\glm\gtx</Filter>
    </ClInclude>
    <ClInclude Include="..\ThirdParty\glm\include\glm\gtx\matrix_transform_2d.inl">
      <Filter>ThirdParty\glm\include\glm\gtx</Filter>
    </ClInclude>
    <ClInclude Include="..\ThirdParty\glm\include\glm\gtx\mixed_product.hpp">
      <Filter>ThirdParty\glm\include\glm\gtx</Filter>
    </ClInclude>
    <ClInclude Include="..\ThirdParty\glm\include\glm\gtx\mixed_product.inl">
      <Filter>ThirdParty\glm\include\glm\gtx</Filter>
    </ClInclude>
    <ClInclude Include="..\ThirdParty\glm\include\glm\gtx\norm.hpp">
      <Filter>ThirdParty\glm\include\glm\gtx</Filter>
    </ClInclude>
    <ClInclude Include="..\ThirdParty\glm\include\glm\gtx\norm.inl">
      <Filter>ThirdParty\glm\include\glm\gtx</Filter>
    </ClInclude>
    <ClInclude Include="..\ThirdParty\glm\include\glm\gtx\normal.hpp">
      <Filter>ThirdParty\glm\include\glm\gtx</Filter>
    </ClInclude>
    <ClInclude Include="..\ThirdParty\glm\include\glm\gtx\normal.inl">
      <Filter>ThirdParty\glm\include\glm\gtx</Filter>
    </ClInclude>
    <ClInclude Include="..\ThirdParty\glm\include\glm\gtx\normalize_dot.hpp">
      <Filter>ThirdParty\glm\include\glm\gtx</Filter>
    </ClInclude>
    <ClInclude Include="..\ThirdParty\glm\include\glm\gtx\normalize_dot.inl">
      <Filter>ThirdParty\glm\include\glm\gtx</Filter>
    </ClInclude>
    <ClInclude Include="..\ThirdParty\glm\include\glm\gtx\number_precision.hpp">
      <Filter>ThirdParty\glm\include\glm\gtx</Filter>
    </ClInclude>
    <ClInclude Include="..\ThirdParty\glm\include\glm\gtx\number_precision.inl">
      <Filter>ThirdParty\glm\include\glm\gtx</Filter>
    </ClInclude>
    <ClInclude Include="..\ThirdParty\glm\include\glm\gtx\optimum_pow.hpp">
      <Filter>ThirdParty\glm\include\glm\gtx</Filter>
    </ClInclude>
    <ClInclude Include="..\ThirdParty\glm\include\glm\gtx\optimum_pow.inl">
      <Filter>ThirdParty\glm\include\glm\gtx</Filter>
    </ClInclude>
    <ClInclude Include="..\ThirdParty\glm\include\glm\gtx\orthonormalize.hpp">
      <Filter>ThirdParty\glm\include\glm\gtx</Filter>
    </ClInclude>
    <ClInclude Include="..\ThirdParty\glm\include\glm\gtx\orthonormalize.inl">
      <Filter>ThirdParty\glm\include\glm\gtx</Filter>
    </ClInclude>
    <ClInclude Include="..\ThirdParty\glm\include\glm\gtx\perpendicular.hpp">
      <Filter>ThirdParty\glm\include\glm\gtx</Filter>
    </ClInclude>
    <ClInclude Include="..\ThirdParty\glm\include\glm\gtx\perpendicular.inl">
      <Filter>ThirdParty\glm\include\glm\gtx</Filter>
    </ClInclude>
    <ClInclude Include="..\ThirdParty\glm\include\glm\gtx\polar_coordinates.hpp">
      <Filter>ThirdParty\glm\include\glm\gtx</Filter>
    </ClInclude>
    <ClInclude Include="..\ThirdParty\glm\include\glm\gtx\polar_coordinates.inl">
      <Filter>ThirdParty\glm\include\glm\gtx</Filter>
    </ClInclude>
    <ClInclude Include="..\ThirdParty\glm\include\glm\gtx\projection.hpp">
      <Filter>ThirdParty\glm\include\glm\gtx</Filter>
    </ClInclude>
    <ClInclude Include="..\ThirdParty\glm\include\glm\gtx\projection.inl">
      <Filter>ThirdParty\glm\include\glm\gtx</Filter>
    </ClInclude>
    <ClInclude Include="..\ThirdParty\glm\include\glm\gtx\quaternion.hpp">
      <Filter>ThirdParty\glm\include\glm\gtx</Filter>
    </ClInclude>
    <ClInclude Include="..\ThirdParty\glm\include\glm\gtx\quaternion.inl">
      <Filter>ThirdParty\glm\include\glm\gtx</Filter>
    </ClInclude>
    <ClInclude Include="..\ThirdParty\glm\include\glm\gtx\range.hpp">
      <Filter>ThirdParty\glm\include\glm\gtx</Filter>
    </ClInclude>
    <ClInclude Include="..\ThirdParty\glm\include\glm\gtx\raw_data.hpp">
      <Filter>ThirdParty\glm\include\glm\gtx</Filter>
    </ClInclude>
    <ClInclude Include="..\ThirdParty\glm\include\glm\gtx\raw_data.inl">
      <Filter>ThirdParty\glm\include\glm\gtx</Filter>
    </ClInclude>
    <ClInclude Include="..\ThirdParty\glm\include\glm\gtx\rotate_normalized_axis.hpp">
      <Filter>ThirdParty\glm\include\glm\gtx</Filter>
    </ClInclude>
    <ClInclude Include="..\ThirdParty\glm\include\glm\gtx\rotate_normalized_axis.inl">
      <Filter>ThirdParty\glm\include\glm\gtx</Filter>
    </ClInclude>
    <ClInclude Include="..\ThirdParty\glm\include\glm\gtx\rotate_vector.hpp">
      <Filter>ThirdParty\glm\include\glm\gtx</Filter>
    </ClInclude>
    <ClInclude Include="..\ThirdParty\glm\include\glm\gtx\rotate_vector.inl">
      <Filter>ThirdParty\glm\include\glm\gtx</Filter>
    </ClInclude>
    <ClInclude Include="..\ThirdParty\glm\include\glm\gtx\scalar_multiplication.hpp">
      <Filter>ThirdParty\glm\include\glm\gtx</Filter>
    </ClInclude>
    <ClInclude Include="..\ThirdParty\glm\include\glm\gtx\scalar_relational.hpp">
      <Filter>ThirdParty\glm\include\glm\gtx</Filter>
    </ClInclude>
    <ClInclude Include="..\ThirdParty\glm\include\glm\gtx\scalar_relational.inl">
      <Filter>ThirdParty\glm\include\glm\gtx</Filter>
    </ClInclude>
    <ClInclude Include="..\ThirdParty\glm\include\glm\gtx\spline.hpp">
      <Filter>ThirdParty\glm\include\glm\gtx</Filter>
    </ClInclude>
    <ClInclude Include="..\ThirdParty\glm\include\glm\gtx\spline.inl">
      <Filter>ThirdParty\glm\include\glm\gtx</Filter>
    </ClInclude>
    <ClInclude Include="..\ThirdParty\glm\include\glm\gtx\std_based_type.hpp">
      <Filter>ThirdParty\glm\include\glm\gtx</Filter>
    </ClInclude>
    <ClInclude Include="..\ThirdParty\glm\include\glm\gtx\std_based_type.inl">
      <Filter>ThirdParty\glm\include\glm\gtx</Filter>
    </ClInclude>
    <ClInclude Include="..\ThirdParty\glm\include\glm\gtx\string_cast.hpp">
      <Filter>ThirdParty\glm\include\glm\gtx</Filter>
    </ClInclude>
    <ClInclude Include="..\ThirdParty\glm\include\glm\gtx\string_cast.inl">
      <Filter>ThirdParty\glm\include\glm\gtx</Filter>
    </ClInclude>
    <ClInclude Include="..\ThirdParty\glm\include\glm\gtx\texture.hpp">
      <Filter>ThirdParty\glm\include\glm\gtx</Filter>
    </ClInclude>
    <ClInclude Include="..\ThirdParty\glm\include\glm\gtx\texture.inl">
      <Filter>ThirdParty\glm\include\glm\gtx</Filter>
    </ClInclude>
    <ClInclude Include="..\ThirdParty\glm\include\glm\gtx\transform.hpp">
      <Filter>ThirdParty\glm\include\glm\gtx</Filter>
    </ClInclude>
    <ClInclude Include="..\ThirdParty\glm\include\glm\gtx\transform.inl">
      <Filter>ThirdParty\glm\include\glm\gtx</Filter>
    </ClInclude>
    <ClInclude Include="..\ThirdParty\glm\include\glm\gtx\transform2.hpp">
      <Filter>ThirdParty\glm\include\glm\gtx</Filter>
    </ClInclude>
    <ClInclude Include="..\ThirdParty\glm\include\glm\gtx\transform2.inl">
      <Filter>ThirdParty\glm\include\glm\gtx</Filter>
    </ClInclude>
    <ClInclude Include="..\ThirdParty\glm\include\glm\gtx\type_aligned.hpp">
      <Filter>ThirdParty\glm\include\glm\gtx</Filter>
    </ClInclude>
    <ClInclude Include="..\ThirdParty\glm\include\glm\gtx\type_aligned.inl">
      <Filter>ThirdParty\glm\include\glm\gtx</Filter>
    </ClInclude>
    <ClInclude Include="..\ThirdParty\glm\include\glm\gtx\type_trait.hpp">
      <Filter>ThirdParty\glm\include\glm\gtx</Filter>
    </ClInclude>
    <ClInclude Include="..\ThirdParty\glm\include\glm\gtx\type_trait.inl">
      <Filter>ThirdParty\glm\include\glm\gtx</Filter>
    </ClInclude>
    <ClInclude Include="..\ThirdParty\glm\include\glm\gtx\vec_swizzle.hpp">
      <Filter>ThirdParty\glm\include\glm\gtx</Filter>
    </ClInclude>
    <ClInclude Include="..\ThirdParty\glm\include\glm\gtx\vector_angle.hpp">
      <Filter>ThirdParty\glm\include\glm\gtx</Filter>
    </ClInclude>
    <ClInclude Include="..\ThirdParty\glm\include\glm\gtx\vector_angle.inl">
      <Filter>ThirdParty\glm\include\glm\gtx</Filter>
    </ClInclude>
    <ClInclude Include="..\ThirdParty\glm\include\glm\gtx\vector_query.hpp">
      <Filter>ThirdParty\glm\include\glm\gtx</Filter>
    </ClInclude>
    <ClInclude Include="..\ThirdParty\glm\include\glm\gtx\vector_query.inl">
      <Filter>ThirdParty\glm\include\glm\gtx</Filter>
    </ClInclude>
    <ClInclude Include="..\ThirdParty\glm\include\glm\gtx\wrap.hpp">
      <Filter>ThirdParty\glm\include\glm\gtx</Filter>
    </ClInclude>
    <ClInclude Include="..\ThirdParty\glm\include\glm\gtx\wrap.inl">
      <Filter>ThirdParty\glm\include\glm\gtx</Filter>
    </ClInclude>
    <ClInclude Include="..\ThirdParty\glm\include\glm\integer.hpp">
      <Filter>ThirdParty\glm\include\glm</Filter>
    </ClInclude>
    <ClInclude Include="..\ThirdParty\glm\include\glm\mat2x2.hpp">
      <Filter>ThirdParty\glm\include\glm</Filter>
    </ClInclude>
    <ClInclude Include="..\ThirdParty\glm\include\glm\mat2x3.hpp">
      <Filter>ThirdParty\glm\include\glm</Filter>
    </ClInclude>
    <ClInclude Include="..\ThirdParty\glm\include\glm\mat2x4.hpp">
      <Filter>ThirdParty\glm\include\glm</Filter>
    </ClInclude>
    <ClInclude Include="..\ThirdParty\glm\include\glm\mat3x2.hpp">
      <Filter>ThirdParty\glm\include\glm</Filter>
    </ClInclude>
    <ClInclude Include="..\ThirdParty\glm\include\glm\mat3x3.hpp">
      <Filter>ThirdParty\glm\include\glm</Filter>
    </ClInclude>
    <ClInclude Include="..\ThirdParty\glm\include\glm\mat3x4.hpp">
      <Filter>ThirdParty\glm\include\glm</Filter>
    </ClInclude>
    <ClInclude Include="..\ThirdParty\glm\include\glm\mat4x2.hpp">
      <Filter>ThirdParty\glm\include\glm</Filter>
    </ClInclude>
    <ClInclude Include="..\ThirdParty\glm\include\glm\mat4x3.hpp">
      <Filter>ThirdParty\glm\include\glm</Filter>
    </ClInclude>
    <ClInclude Include="..\ThirdParty\glm\include\glm\mat4x4.hpp">
      <Filter>ThirdParty\glm\include\glm</Filter>
    </ClInclude>
    <ClInclude Include="..\ThirdParty\glm\include\glm\matrix.hpp">
      <Filter>ThirdParty\glm\include\glm</Filter>
    </ClInclude>
    <ClInclude Include="..\ThirdParty\glm\include\glm\packing.hpp">
      <Filter>ThirdParty\glm\include\glm</Filter>
    </ClInclude>
    <ClInclude Include="..\ThirdParty\glm\include\glm\trigonometric.hpp">
      <Filter>ThirdParty\glm\include\glm</Filter>
    </ClInclude>
    <ClInclude Include="..\ThirdParty\glm\include\glm\vec2.hpp">
      <Filter>ThirdParty\glm\include\glm</Filter>
    </ClInclude>
    <ClInclude Include="..\ThirdParty\glm\include\glm\vec3.hpp">
      <Filter>ThirdParty\glm\include\glm</Filter>
    </ClInclude>
    <ClInclude Include="..\ThirdParty\glm\include\glm\vec4.hpp">
      <Filter>ThirdParty\glm\include\glm</Filter>
    </ClInclude>
    <ClInclude Include="..\ThirdParty\glm\include\glm\vector_relational.hpp">
      <Filter>ThirdParty\glm\include\glm</Filter>
    </ClInclude>
    <ClInclude Include="EditorPCH.h" />
    <ClInclude Include="EditorState.h">
      <Filter>State</Filter>
    </ClInclude>
    <ClInclude Include="BaseTool.h">
      <Filter>Tools\Base</Filter>
    </ClInclude>
    <ClInclude Include="DemoTool.h">
      <Filter>Tools\DemoTool</Filter>
    </ClInclude>
    <ClInclude Include="TestTool.h">
      <Filter>Tools\TestTool</Filter>
    </ClInclude>
    <ClInclude Include="MainMenu.h">
      <Filter>Tools\Menu</Filter>
    </ClInclude>
    <ClInclude Include="EntityManagerTool.h">
      <Filter>Tools\EntityManager</Filter>
    </ClInclude>
    <ClInclude Include="ResourcesTool.h">
      <Filter>Tools\Resources</Filter>
    </ClInclude>
    <ClInclude Include="DebugTool.h">
      <Filter>Tools\Debug</Filter>
    </ClInclude>
  </ItemGroup>
  <ItemGroup>
    <ClCompile Include="main.cpp" />
    <ClCompile Include="EditorPCH.cpp" />
    <ClCompile Include="EditorState.cpp">
      <Filter>State</Filter>
    </ClCompile>
    <ClCompile Include="BaseTool.cpp">
      <Filter>Tools\Base</Filter>
    </ClCompile>
    <ClCompile Include="DemoTool.cpp">
      <Filter>Tools\DemoTool</Filter>
    </ClCompile>
    <ClCompile Include="TestTool.cpp">
      <Filter>Tools\TestTool</Filter>
    </ClCompile>
    <ClCompile Include="MainMenu.cpp">
      <Filter>Tools\Menu</Filter>
    </ClCompile>
    <ClCompile Include="EntityManagerTool.cpp">
      <Filter>Tools\EntityManager</Filter>
    </ClCompile>
    <ClCompile Include="ResourcesTool.cpp">
      <Filter>Tools\Resources</Filter>
    </ClCompile>
    <ClCompile Include="DebugTool.cpp">
      <Filter>Tools\Debug</Filter>
    </ClCompile>
  </ItemGroup>
</Project>